// !$*UTF8*$!
{
	archiveVersion = 1;
	classes = {
	};
	objectVersion = 51;
	objects = {

/* Begin PBXBuildFile section */
		5B6C369C1A4EE1BB38440A90 /* Pods_Events.framework in Frameworks */ = {isa = PBXBuildFile; fileRef = 91E5AF010D1C8D66B2C89799 /* Pods_Events.framework */; };
		8A0E626E24977A03003BDCF6 /* NewEventSelectCategoryController.swift in Sources */ = {isa = PBXBuildFile; fileRef = 8A0E626D24977A03003BDCF6 /* NewEventSelectCategoryController.swift */; };
		8A0E627024977B87003BDCF6 /* NewBasicNode.swift in Sources */ = {isa = PBXBuildFile; fileRef = 8A0E626F24977B87003BDCF6 /* NewBasicNode.swift */; };
		8A0E627224979B44003BDCF6 /* NewEventNotificationsController.swift in Sources */ = {isa = PBXBuildFile; fileRef = 8A0E627124979B44003BDCF6 /* NewEventNotificationsController.swift */; };
		8A0E627624979F7B003BDCF6 /* DataManager.swift in Sources */ = {isa = PBXBuildFile; fileRef = 8A0E627524979F7B003BDCF6 /* DataManager.swift */; };
		8A0E627824979F81003BDCF6 /* DataManagerObject.swift in Sources */ = {isa = PBXBuildFile; fileRef = 8A0E627724979F81003BDCF6 /* DataManagerObject.swift */; };
		8A0E627A2497A5B0003BDCF6 /* Utilities.swift in Sources */ = {isa = PBXBuildFile; fileRef = 8A0E62792497A5B0003BDCF6 /* Utilities.swift */; };
		8A0E627D249811F0003BDCF6 /* ImagePicker.swift in Sources */ = {isa = PBXBuildFile; fileRef = 8A0E627C249811F0003BDCF6 /* ImagePicker.swift */; };
		8A0E628124981302003BDCF6 /* NewEventController + ImagePicker.swift in Sources */ = {isa = PBXBuildFile; fileRef = 8A0E628024981302003BDCF6 /* NewEventController + ImagePicker.swift */; };
		8A2A3EBA248C42290087BE3F /* OpenSans-SemiBold.ttf in Resources */ = {isa = PBXBuildFile; fileRef = 8A2A3EB6248C42280087BE3F /* OpenSans-SemiBold.ttf */; };
		8A2A3EBB248C42290087BE3F /* OpenSans-Light.ttf in Resources */ = {isa = PBXBuildFile; fileRef = 8A2A3EB7248C42280087BE3F /* OpenSans-Light.ttf */; };
		8A2A3EBC248C42290087BE3F /* OpenSans-Regular.ttf in Resources */ = {isa = PBXBuildFile; fileRef = 8A2A3EB8248C42290087BE3F /* OpenSans-Regular.ttf */; };
		8A2A3EBD248C42290087BE3F /* OpenSans-Bold.ttf in Resources */ = {isa = PBXBuildFile; fileRef = 8A2A3EB9248C42290087BE3F /* OpenSans-Bold.ttf */; };
		8A2A3EC2248C4D9E0087BE3F /* UIColor.swift in Sources */ = {isa = PBXBuildFile; fileRef = 8A2A3EC1248C4D9E0087BE3F /* UIColor.swift */; };
		8A39D8B72498C94100E9FFD2 /* SettingsModel.swift in Sources */ = {isa = PBXBuildFile; fileRef = 8A39D8B62498C94100E9FFD2 /* SettingsModel.swift */; };
		8A39D8BC2498CC1200E9FFD2 /* DefaultStorage.swift in Sources */ = {isa = PBXBuildFile; fileRef = 8A39D8BB2498CC1200E9FFD2 /* DefaultStorage.swift */; };
		8A39D8C02499615100E9FFD2 /* EventFullController.swift in Sources */ = {isa = PBXBuildFile; fileRef = 8A39D8BF2499615100E9FFD2 /* EventFullController.swift */; };
		8A39D8C32499FDA100E9FFD2 /* EventFullNode.swift in Sources */ = {isa = PBXBuildFile; fileRef = 8A39D8C22499FDA100E9FFD2 /* EventFullNode.swift */; };
		8A5677A52493A8F2002828D5 /* SettingsController.swift in Sources */ = {isa = PBXBuildFile; fileRef = 8A5677A42493A8F2002828D5 /* SettingsController.swift */; };
		8A5677A82493AA77002828D5 /* SettingsTextNode.swift in Sources */ = {isa = PBXBuildFile; fileRef = 8A5677A72493AA77002828D5 /* SettingsTextNode.swift */; };
		8A5677AB2493AACD002828D5 /* SettingsEnums.swift in Sources */ = {isa = PBXBuildFile; fileRef = 8A5677AA2493AACD002828D5 /* SettingsEnums.swift */; };
		8A591954249FB00700C75AF6 /* NotificationManager.swift in Sources */ = {isa = PBXBuildFile; fileRef = 8A591953249FB00700C75AF6 /* NotificationManager.swift */; };
		8A7E39C92492A8840057E1BD /* EventsController.swift in Sources */ = {isa = PBXBuildFile; fileRef = 8A7E39C82492A8840057E1BD /* EventsController.swift */; };
		8A7E39CC2492A8B70057E1BD /* TableNodeController.swift in Sources */ = {isa = PBXBuildFile; fileRef = 8A7E39CB2492A8B70057E1BD /* TableNodeController.swift */; };
		8A7E39D0249379C00057E1BD /* EventPreviewNode.swift in Sources */ = {isa = PBXBuildFile; fileRef = 8A7E39CF249379C00057E1BD /* EventPreviewNode.swift */; };
		8A7E39D3249379E20057E1BD /* TableCell.swift in Sources */ = {isa = PBXBuildFile; fileRef = 8A7E39D2249379E20057E1BD /* TableCell.swift */; };
		8A7E39D524937BF70057E1BD /* String.swift in Sources */ = {isa = PBXBuildFile; fileRef = 8A7E39D424937BF70057E1BD /* String.swift */; };
		8A95560F24B0BED0001307C4 /* EventRowController.swift in Sources */ = {isa = PBXBuildFile; fileRef = 8A95560E24B0BED0001307C4 /* EventRowController.swift */; };
		8AA320F924B0628900AC6E2C /* EventModel.swift in Sources */ = {isa = PBXBuildFile; fileRef = 8ADDF2CC2496A1A8007066EE /* EventModel.swift */; };
		8AA320FA24B0632C00AC6E2C /* ImageHelper.swift in Sources */ = {isa = PBXBuildFile; fileRef = 8ABF0E7A249BA5800030B6A0 /* ImageHelper.swift */; };
		8AA320FB24B065CE00AC6E2C /* OpenSans-Bold.ttf in Resources */ = {isa = PBXBuildFile; fileRef = 8A2A3EB9248C42290087BE3F /* OpenSans-Bold.ttf */; };
		8AA320FC24B065CE00AC6E2C /* OpenSans-Light.ttf in Resources */ = {isa = PBXBuildFile; fileRef = 8A2A3EB7248C42280087BE3F /* OpenSans-Light.ttf */; };
		8AA320FD24B065CE00AC6E2C /* OpenSans-Regular.ttf in Resources */ = {isa = PBXBuildFile; fileRef = 8A2A3EB8248C42290087BE3F /* OpenSans-Regular.ttf */; };
		8AA320FE24B065CE00AC6E2C /* OpenSans-SemiBold.ttf in Resources */ = {isa = PBXBuildFile; fileRef = 8A2A3EB6248C42280087BE3F /* OpenSans-SemiBold.ttf */; };
		8AA320FF24B0667700AC6E2C /* Assets.xcassets in Resources */ = {isa = PBXBuildFile; fileRef = 8AD200EA2486A0A40085B204 /* Assets.xcassets */; };
		8AA3210124B0674C00AC6E2C /* WidgetCell.swift in Sources */ = {isa = PBXBuildFile; fileRef = 8AA3210024B0674C00AC6E2C /* WidgetCell.swift */; };
		8AA3210224B067E600AC6E2C /* DateHelper.swift in Sources */ = {isa = PBXBuildFile; fileRef = 8ACAF2652496AD8300807174 /* DateHelper.swift */; };
		8AA3210924B069D600AC6E2C /* Interface.storyboard in Resources */ = {isa = PBXBuildFile; fileRef = 8AA3210724B069D600AC6E2C /* Interface.storyboard */; };
		8AA3210B24B069D800AC6E2C /* Assets.xcassets in Resources */ = {isa = PBXBuildFile; fileRef = 8AA3210A24B069D800AC6E2C /* Assets.xcassets */; };
		8AA3211224B069D800AC6E2C /* Events Watch Extension.appex in Embed App Extensions */ = {isa = PBXBuildFile; fileRef = 8AA3211124B069D800AC6E2C /* Events Watch Extension.appex */; settings = {ATTRIBUTES = (RemoveHeadersOnCopy, ); }; };
		8AA3211724B069D800AC6E2C /* InterfaceController.swift in Sources */ = {isa = PBXBuildFile; fileRef = 8AA3211624B069D800AC6E2C /* InterfaceController.swift */; };
		8AA3211924B069D800AC6E2C /* ExtensionDelegate.swift in Sources */ = {isa = PBXBuildFile; fileRef = 8AA3211824B069D800AC6E2C /* ExtensionDelegate.swift */; };
		8AA3211B24B069D900AC6E2C /* Assets.xcassets in Resources */ = {isa = PBXBuildFile; fileRef = 8AA3211A24B069D900AC6E2C /* Assets.xcassets */; };
		8AA3211F24B069D900AC6E2C /* Events Watch.app in Embed Watch Content */ = {isa = PBXBuildFile; fileRef = 8AA3210524B069D600AC6E2C /* Events Watch.app */; settings = {ATTRIBUTES = (RemoveHeadersOnCopy, ); }; };
		8AA3212A24B06DDB00AC6E2C /* OpenSans-Bold.ttf in Resources */ = {isa = PBXBuildFile; fileRef = 8A2A3EB9248C42290087BE3F /* OpenSans-Bold.ttf */; };
		8AA3212B24B06DDB00AC6E2C /* OpenSans-Light.ttf in Resources */ = {isa = PBXBuildFile; fileRef = 8A2A3EB7248C42280087BE3F /* OpenSans-Light.ttf */; };
		8AA3212C24B06DDB00AC6E2C /* OpenSans-Regular.ttf in Resources */ = {isa = PBXBuildFile; fileRef = 8A2A3EB8248C42290087BE3F /* OpenSans-Regular.ttf */; };
		8AA3212D24B06DDB00AC6E2C /* OpenSans-SemiBold.ttf in Resources */ = {isa = PBXBuildFile; fileRef = 8A2A3EB6248C42280087BE3F /* OpenSans-SemiBold.ttf */; };
		8AA3212E24B06DDC00AC6E2C /* OpenSans-Bold.ttf in Resources */ = {isa = PBXBuildFile; fileRef = 8A2A3EB9248C42290087BE3F /* OpenSans-Bold.ttf */; };
		8AA3212F24B06DDC00AC6E2C /* OpenSans-Light.ttf in Resources */ = {isa = PBXBuildFile; fileRef = 8A2A3EB7248C42280087BE3F /* OpenSans-Light.ttf */; };
		8AA3213024B06DDC00AC6E2C /* OpenSans-Regular.ttf in Resources */ = {isa = PBXBuildFile; fileRef = 8A2A3EB8248C42290087BE3F /* OpenSans-Regular.ttf */; };
		8AA3213124B06DDC00AC6E2C /* OpenSans-SemiBold.ttf in Resources */ = {isa = PBXBuildFile; fileRef = 8A2A3EB6248C42280087BE3F /* OpenSans-SemiBold.ttf */; };
		8ABF0E6E249A7A5F0030B6A0 /* EventFullController + Actions.swift in Sources */ = {isa = PBXBuildFile; fileRef = 8ABF0E6D249A7A5F0030B6A0 /* EventFullController + Actions.swift */; };
		8ABF0E71249A7B640030B6A0 /* TapticHelper.swift in Sources */ = {isa = PBXBuildFile; fileRef = 8ABF0E70249A7B640030B6A0 /* TapticHelper.swift */; };
		8ABF0E76249AC0C50030B6A0 /* EventFullEnums.swift in Sources */ = {isa = PBXBuildFile; fileRef = 8ABF0E75249AC0C50030B6A0 /* EventFullEnums.swift */; };
		8ABF0E79249B404B0030B6A0 /* RealmManager.swift in Sources */ = {isa = PBXBuildFile; fileRef = 8ABF0E78249B404B0030B6A0 /* RealmManager.swift */; };
		8ABF0E7B249BA5800030B6A0 /* ImageHelper.swift in Sources */ = {isa = PBXBuildFile; fileRef = 8ABF0E7A249BA5800030B6A0 /* ImageHelper.swift */; };
		8ABF0E7E249BB1CF0030B6A0 /* RLMEvent.swift in Sources */ = {isa = PBXBuildFile; fileRef = 8ABF0E7D249BB1CF0030B6A0 /* RLMEvent.swift */; };
		8ACAF2662496AD8300807174 /* DateHelper.swift in Sources */ = {isa = PBXBuildFile; fileRef = 8ACAF2652496AD8300807174 /* DateHelper.swift */; };
		8ACAF2682496AF1C00807174 /* NewEventController + Actions.swift in Sources */ = {isa = PBXBuildFile; fileRef = 8ACAF2672496AF1C00807174 /* NewEventController + Actions.swift */; };
		8AD200E22486A0A20085B204 /* AppDelegate.swift in Sources */ = {isa = PBXBuildFile; fileRef = 8AD200E12486A0A20085B204 /* AppDelegate.swift */; };
		8AD200E42486A0A20085B204 /* SceneDelegate.swift in Sources */ = {isa = PBXBuildFile; fileRef = 8AD200E32486A0A20085B204 /* SceneDelegate.swift */; };
		8AD200EB2486A0A40085B204 /* Assets.xcassets in Resources */ = {isa = PBXBuildFile; fileRef = 8AD200EA2486A0A40085B204 /* Assets.xcassets */; };
		8AD200EE2486A0A40085B204 /* LaunchScreen.storyboard in Resources */ = {isa = PBXBuildFile; fileRef = 8AD200EC2486A0A40085B204 /* LaunchScreen.storyboard */; };
		8ADDF2BE2496810B007066EE /* NewEventController.swift in Sources */ = {isa = PBXBuildFile; fileRef = 8ADDF2BD2496810B007066EE /* NewEventController.swift */; };
		8ADDF2C024968249007066EE /* NewEventEnums.swift in Sources */ = {isa = PBXBuildFile; fileRef = 8ADDF2BF24968249007066EE /* NewEventEnums.swift */; };
		8ADDF2C3249682F1007066EE /* NewSaveButtonNode.swift in Sources */ = {isa = PBXBuildFile; fileRef = 8ADDF2C2249682F1007066EE /* NewSaveButtonNode.swift */; };
		8ADDF2C624968323007066EE /* Constants.swift in Sources */ = {isa = PBXBuildFile; fileRef = 8ADDF2C524968323007066EE /* Constants.swift */; };
		8ADDF2C8249685D6007066EE /* NewTextFiledNode.swift in Sources */ = {isa = PBXBuildFile; fileRef = 8ADDF2C7249685D6007066EE /* NewTextFiledNode.swift */; };
		8ADDF2CA24968A40007066EE /* NewSelectionNode.swift in Sources */ = {isa = PBXBuildFile; fileRef = 8ADDF2C924968A40007066EE /* NewSelectionNode.swift */; };
		8ADDF2CD2496A1A8007066EE /* EventModel.swift in Sources */ = {isa = PBXBuildFile; fileRef = 8ADDF2CC2496A1A8007066EE /* EventModel.swift */; };
		8ADDF2CF2496A1FA007066EE /* NewImageNode.swift in Sources */ = {isa = PBXBuildFile; fileRef = 8ADDF2CE2496A1FA007066EE /* NewImageNode.swift */; };
		8ADDF2D12496AA38007066EE /* NewEventController + ASEditableTextNode.swift in Sources */ = {isa = PBXBuildFile; fileRef = 8ADDF2D02496AA38007066EE /* NewEventController + ASEditableTextNode.swift */; };
		8ADE875B24A0CF41001C2913 /* NotificationCenter.framework in Frameworks */ = {isa = PBXBuildFile; fileRef = 8AC230E224A0CA36001E83C5 /* NotificationCenter.framework */; };
		8ADE875E24A0CF41001C2913 /* TodayViewController.swift in Sources */ = {isa = PBXBuildFile; fileRef = 8ADE875D24A0CF41001C2913 /* TodayViewController.swift */; };
		8ADE876124A0CF41001C2913 /* MainInterface.storyboard in Resources */ = {isa = PBXBuildFile; fileRef = 8ADE875F24A0CF41001C2913 /* MainInterface.storyboard */; };
		8ADE876524A0CF41001C2913 /* Upcoming Events.appex in Embed App Extensions */ = {isa = PBXBuildFile; fileRef = 8ADE875A24A0CF41001C2913 /* Upcoming Events.appex */; settings = {ATTRIBUTES = (RemoveHeadersOnCopy, ); }; };
		8ADE876E24A0D2D9001C2913 /* RLMEventModel.swift in Sources */ = {isa = PBXBuildFile; fileRef = 8ADE876D24A0D2D9001C2913 /* RLMEventModel.swift */; };
		8ADE877024A0D307001C2913 /* RLMEventModel.swift in Sources */ = {isa = PBXBuildFile; fileRef = 8ADE876D24A0D2D9001C2913 /* RLMEventModel.swift */; };
		8ADE877124A0D44E001C2913 /* NewEventEnums.swift in Sources */ = {isa = PBXBuildFile; fileRef = 8ADDF2BF24968249007066EE /* NewEventEnums.swift */; };
		8ADE877224A0D457001C2913 /* EventFullEnums.swift in Sources */ = {isa = PBXBuildFile; fileRef = 8ABF0E75249AC0C50030B6A0 /* EventFullEnums.swift */; };
		EB565697C9D587B540A48BC0 /* Pods_Widget.framework in Frameworks */ = {isa = PBXBuildFile; fileRef = 34CA12620B64E8AE46500397 /* Pods_Widget.framework */; };
/* End PBXBuildFile section */

/* Begin PBXContainerItemProxy section */
		8A3F0A4F2506842F009FC07D /* PBXContainerItemProxy */ = {
			isa = PBXContainerItemProxy;
			containerPortal = 8AD200D62486A0A20085B204 /* Project object */;
			proxyType = 1;
			remoteGlobalIDString = 8AA3210424B069D600AC6E2C;
			remoteInfo = "Events Watch";
		};
		8AA3211324B069D800AC6E2C /* PBXContainerItemProxy */ = {
			isa = PBXContainerItemProxy;
			containerPortal = 8AD200D62486A0A20085B204 /* Project object */;
			proxyType = 1;
			remoteGlobalIDString = 8AA3211024B069D800AC6E2C;
			remoteInfo = "Events Watch Extension";
		};
		8ADE876324A0CF41001C2913 /* PBXContainerItemProxy */ = {
			isa = PBXContainerItemProxy;
			containerPortal = 8AD200D62486A0A20085B204 /* Project object */;
			proxyType = 1;
			remoteGlobalIDString = 8ADE875924A0CF41001C2913;
			remoteInfo = Widget;
		};
/* End PBXContainerItemProxy section */

/* Begin PBXCopyFilesBuildPhase section */
		8AA3212324B069D900AC6E2C /* Embed App Extensions */ = {
			isa = PBXCopyFilesBuildPhase;
			buildActionMask = 2147483647;
			dstPath = "";
			dstSubfolderSpec = 13;
			files = (
				8AA3211224B069D800AC6E2C /* Events Watch Extension.appex in Embed App Extensions */,
			);
			name = "Embed App Extensions";
			runOnlyForDeploymentPostprocessing = 0;
		};
		8AA3212724B069D900AC6E2C /* Embed Watch Content */ = {
			isa = PBXCopyFilesBuildPhase;
			buildActionMask = 2147483647;
			dstPath = "$(CONTENTS_FOLDER_PATH)/Watch";
			dstSubfolderSpec = 16;
			files = (
				8AA3211F24B069D900AC6E2C /* Events Watch.app in Embed Watch Content */,
			);
			name = "Embed Watch Content";
			runOnlyForDeploymentPostprocessing = 0;
		};
		8ADE876924A0CF41001C2913 /* Embed App Extensions */ = {
			isa = PBXCopyFilesBuildPhase;
			buildActionMask = 2147483647;
			dstPath = "";
			dstSubfolderSpec = 13;
			files = (
				8ADE876524A0CF41001C2913 /* Upcoming Events.appex in Embed App Extensions */,
			);
			name = "Embed App Extensions";
			runOnlyForDeploymentPostprocessing = 0;
		};
/* End PBXCopyFilesBuildPhase section */

/* Begin PBXFileReference section */
		34CA12620B64E8AE46500397 /* Pods_Widget.framework */ = {isa = PBXFileReference; explicitFileType = wrapper.framework; includeInIndex = 0; path = Pods_Widget.framework; sourceTree = BUILT_PRODUCTS_DIR; };
		4BB7F06D019CA2922C38E60D /* Pods-Widget.debug.xcconfig */ = {isa = PBXFileReference; includeInIndex = 1; lastKnownFileType = text.xcconfig; name = "Pods-Widget.debug.xcconfig"; path = "Target Support Files/Pods-Widget/Pods-Widget.debug.xcconfig"; sourceTree = "<group>"; };
		6CA87DD812949F4B9EECC4E6 /* Pods-Events.debug.xcconfig */ = {isa = PBXFileReference; includeInIndex = 1; lastKnownFileType = text.xcconfig; name = "Pods-Events.debug.xcconfig"; path = "Target Support Files/Pods-Events/Pods-Events.debug.xcconfig"; sourceTree = "<group>"; };
		8A0E626D24977A03003BDCF6 /* NewEventSelectCategoryController.swift */ = {isa = PBXFileReference; lastKnownFileType = sourcecode.swift; path = NewEventSelectCategoryController.swift; sourceTree = "<group>"; };
		8A0E626F24977B87003BDCF6 /* NewBasicNode.swift */ = {isa = PBXFileReference; lastKnownFileType = sourcecode.swift; path = NewBasicNode.swift; sourceTree = "<group>"; };
		8A0E627124979B44003BDCF6 /* NewEventNotificationsController.swift */ = {isa = PBXFileReference; lastKnownFileType = sourcecode.swift; path = NewEventNotificationsController.swift; sourceTree = "<group>"; };
		8A0E627524979F7B003BDCF6 /* DataManager.swift */ = {isa = PBXFileReference; lastKnownFileType = sourcecode.swift; path = DataManager.swift; sourceTree = "<group>"; };
		8A0E627724979F81003BDCF6 /* DataManagerObject.swift */ = {isa = PBXFileReference; lastKnownFileType = sourcecode.swift; path = DataManagerObject.swift; sourceTree = "<group>"; };
		8A0E62792497A5B0003BDCF6 /* Utilities.swift */ = {isa = PBXFileReference; lastKnownFileType = sourcecode.swift; path = Utilities.swift; sourceTree = "<group>"; };
		8A0E627C249811F0003BDCF6 /* ImagePicker.swift */ = {isa = PBXFileReference; lastKnownFileType = sourcecode.swift; path = ImagePicker.swift; sourceTree = "<group>"; };
		8A0E628024981302003BDCF6 /* NewEventController + ImagePicker.swift */ = {isa = PBXFileReference; lastKnownFileType = sourcecode.swift; path = "NewEventController + ImagePicker.swift"; sourceTree = "<group>"; };
		8A2A3EB6248C42280087BE3F /* OpenSans-SemiBold.ttf */ = {isa = PBXFileReference; lastKnownFileType = file; path = "OpenSans-SemiBold.ttf"; sourceTree = "<group>"; };
		8A2A3EB7248C42280087BE3F /* OpenSans-Light.ttf */ = {isa = PBXFileReference; lastKnownFileType = file; path = "OpenSans-Light.ttf"; sourceTree = "<group>"; };
		8A2A3EB8248C42290087BE3F /* OpenSans-Regular.ttf */ = {isa = PBXFileReference; lastKnownFileType = file; path = "OpenSans-Regular.ttf"; sourceTree = "<group>"; };
		8A2A3EB9248C42290087BE3F /* OpenSans-Bold.ttf */ = {isa = PBXFileReference; lastKnownFileType = file; path = "OpenSans-Bold.ttf"; sourceTree = "<group>"; };
		8A2A3EC1248C4D9E0087BE3F /* UIColor.swift */ = {isa = PBXFileReference; lastKnownFileType = sourcecode.swift; path = UIColor.swift; sourceTree = "<group>"; };
		8A39D8B62498C94100E9FFD2 /* SettingsModel.swift */ = {isa = PBXFileReference; lastKnownFileType = sourcecode.swift; path = SettingsModel.swift; sourceTree = "<group>"; };
		8A39D8BB2498CC1200E9FFD2 /* DefaultStorage.swift */ = {isa = PBXFileReference; lastKnownFileType = sourcecode.swift; path = DefaultStorage.swift; sourceTree = "<group>"; };
		8A39D8BF2499615100E9FFD2 /* EventFullController.swift */ = {isa = PBXFileReference; lastKnownFileType = sourcecode.swift; path = EventFullController.swift; sourceTree = "<group>"; };
		8A39D8C22499FDA100E9FFD2 /* EventFullNode.swift */ = {isa = PBXFileReference; lastKnownFileType = sourcecode.swift; path = EventFullNode.swift; sourceTree = "<group>"; };
		8A5677A42493A8F2002828D5 /* SettingsController.swift */ = {isa = PBXFileReference; lastKnownFileType = sourcecode.swift; path = SettingsController.swift; sourceTree = "<group>"; };
		8A5677A72493AA77002828D5 /* SettingsTextNode.swift */ = {isa = PBXFileReference; lastKnownFileType = sourcecode.swift; path = SettingsTextNode.swift; sourceTree = "<group>"; };
		8A5677AA2493AACD002828D5 /* SettingsEnums.swift */ = {isa = PBXFileReference; lastKnownFileType = sourcecode.swift; path = SettingsEnums.swift; sourceTree = "<group>"; };
		8A591953249FB00700C75AF6 /* NotificationManager.swift */ = {isa = PBXFileReference; lastKnownFileType = sourcecode.swift; path = NotificationManager.swift; sourceTree = "<group>"; };
		8A591955249FB5D300C75AF6 /* Events.entitlements */ = {isa = PBXFileReference; lastKnownFileType = text.plist.entitlements; path = Events.entitlements; sourceTree = "<group>"; };
		8A7E39C82492A8840057E1BD /* EventsController.swift */ = {isa = PBXFileReference; lastKnownFileType = sourcecode.swift; path = EventsController.swift; sourceTree = "<group>"; };
		8A7E39CB2492A8B70057E1BD /* TableNodeController.swift */ = {isa = PBXFileReference; lastKnownFileType = sourcecode.swift; path = TableNodeController.swift; sourceTree = "<group>"; };
		8A7E39CF249379C00057E1BD /* EventPreviewNode.swift */ = {isa = PBXFileReference; lastKnownFileType = sourcecode.swift; path = EventPreviewNode.swift; sourceTree = "<group>"; };
		8A7E39D2249379E20057E1BD /* TableCell.swift */ = {isa = PBXFileReference; lastKnownFileType = sourcecode.swift; path = TableCell.swift; sourceTree = "<group>"; };
		8A7E39D424937BF70057E1BD /* String.swift */ = {isa = PBXFileReference; lastKnownFileType = sourcecode.swift; path = String.swift; sourceTree = "<group>"; };
		8A95560E24B0BED0001307C4 /* EventRowController.swift */ = {isa = PBXFileReference; lastKnownFileType = sourcecode.swift; path = EventRowController.swift; sourceTree = "<group>"; };
		8AA3210024B0674C00AC6E2C /* WidgetCell.swift */ = {isa = PBXFileReference; lastKnownFileType = sourcecode.swift; path = WidgetCell.swift; sourceTree = "<group>"; };
		8AA3210524B069D600AC6E2C /* Events Watch.app */ = {isa = PBXFileReference; explicitFileType = wrapper.application; includeInIndex = 0; path = "Events Watch.app"; sourceTree = BUILT_PRODUCTS_DIR; };
		8AA3210824B069D600AC6E2C /* Base */ = {isa = PBXFileReference; lastKnownFileType = file.storyboard; name = Base; path = Base.lproj/Interface.storyboard; sourceTree = "<group>"; };
		8AA3210A24B069D800AC6E2C /* Assets.xcassets */ = {isa = PBXFileReference; lastKnownFileType = folder.assetcatalog; path = Assets.xcassets; sourceTree = "<group>"; };
		8AA3210C24B069D800AC6E2C /* Info.plist */ = {isa = PBXFileReference; lastKnownFileType = text.plist.xml; path = Info.plist; sourceTree = "<group>"; };
		8AA3211124B069D800AC6E2C /* Events Watch Extension.appex */ = {isa = PBXFileReference; explicitFileType = "wrapper.app-extension"; includeInIndex = 0; path = "Events Watch Extension.appex"; sourceTree = BUILT_PRODUCTS_DIR; };
		8AA3211624B069D800AC6E2C /* InterfaceController.swift */ = {isa = PBXFileReference; lastKnownFileType = sourcecode.swift; path = InterfaceController.swift; sourceTree = "<group>"; };
		8AA3211824B069D800AC6E2C /* ExtensionDelegate.swift */ = {isa = PBXFileReference; lastKnownFileType = sourcecode.swift; path = ExtensionDelegate.swift; sourceTree = "<group>"; };
		8AA3211A24B069D900AC6E2C /* Assets.xcassets */ = {isa = PBXFileReference; lastKnownFileType = folder.assetcatalog; path = Assets.xcassets; sourceTree = "<group>"; };
		8AA3211C24B069D900AC6E2C /* Info.plist */ = {isa = PBXFileReference; lastKnownFileType = text.plist.xml; path = Info.plist; sourceTree = "<group>"; };
		8ABF0E6D249A7A5F0030B6A0 /* EventFullController + Actions.swift */ = {isa = PBXFileReference; lastKnownFileType = sourcecode.swift; path = "EventFullController + Actions.swift"; sourceTree = "<group>"; };
		8ABF0E70249A7B640030B6A0 /* TapticHelper.swift */ = {isa = PBXFileReference; lastKnownFileType = sourcecode.swift; path = TapticHelper.swift; sourceTree = "<group>"; };
		8ABF0E75249AC0C50030B6A0 /* EventFullEnums.swift */ = {isa = PBXFileReference; lastKnownFileType = sourcecode.swift; path = EventFullEnums.swift; sourceTree = "<group>"; };
		8ABF0E78249B404B0030B6A0 /* RealmManager.swift */ = {isa = PBXFileReference; lastKnownFileType = sourcecode.swift; path = RealmManager.swift; sourceTree = "<group>"; };
		8ABF0E7A249BA5800030B6A0 /* ImageHelper.swift */ = {isa = PBXFileReference; lastKnownFileType = sourcecode.swift; path = ImageHelper.swift; sourceTree = "<group>"; };
		8ABF0E7D249BB1CF0030B6A0 /* RLMEvent.swift */ = {isa = PBXFileReference; lastKnownFileType = sourcecode.swift; path = RLMEvent.swift; sourceTree = "<group>"; };
		8AC230E224A0CA36001E83C5 /* NotificationCenter.framework */ = {isa = PBXFileReference; lastKnownFileType = wrapper.framework; name = NotificationCenter.framework; path = System/Library/Frameworks/NotificationCenter.framework; sourceTree = SDKROOT; };
		8ACAF2652496AD8300807174 /* DateHelper.swift */ = {isa = PBXFileReference; lastKnownFileType = sourcecode.swift; path = DateHelper.swift; sourceTree = "<group>"; };
		8ACAF2672496AF1C00807174 /* NewEventController + Actions.swift */ = {isa = PBXFileReference; lastKnownFileType = sourcecode.swift; path = "NewEventController + Actions.swift"; sourceTree = "<group>"; };
		8AD200DE2486A0A20085B204 /* Events.app */ = {isa = PBXFileReference; explicitFileType = wrapper.application; includeInIndex = 0; path = Events.app; sourceTree = BUILT_PRODUCTS_DIR; };
		8AD200E12486A0A20085B204 /* AppDelegate.swift */ = {isa = PBXFileReference; lastKnownFileType = sourcecode.swift; path = AppDelegate.swift; sourceTree = "<group>"; };
		8AD200E32486A0A20085B204 /* SceneDelegate.swift */ = {isa = PBXFileReference; lastKnownFileType = sourcecode.swift; path = SceneDelegate.swift; sourceTree = "<group>"; };
		8AD200EA2486A0A40085B204 /* Assets.xcassets */ = {isa = PBXFileReference; lastKnownFileType = folder.assetcatalog; path = Assets.xcassets; sourceTree = "<group>"; };
		8AD200ED2486A0A40085B204 /* Base */ = {isa = PBXFileReference; lastKnownFileType = file.storyboard; name = Base; path = Base.lproj/LaunchScreen.storyboard; sourceTree = "<group>"; };
		8AD200EF2486A0A40085B204 /* Info.plist */ = {isa = PBXFileReference; lastKnownFileType = text.plist.xml; path = Info.plist; sourceTree = "<group>"; };
		8ADDF2BD2496810B007066EE /* NewEventController.swift */ = {isa = PBXFileReference; lastKnownFileType = sourcecode.swift; path = NewEventController.swift; sourceTree = "<group>"; };
		8ADDF2BF24968249007066EE /* NewEventEnums.swift */ = {isa = PBXFileReference; lastKnownFileType = sourcecode.swift; path = NewEventEnums.swift; sourceTree = "<group>"; };
		8ADDF2C2249682F1007066EE /* NewSaveButtonNode.swift */ = {isa = PBXFileReference; lastKnownFileType = sourcecode.swift; path = NewSaveButtonNode.swift; sourceTree = "<group>"; };
		8ADDF2C524968323007066EE /* Constants.swift */ = {isa = PBXFileReference; lastKnownFileType = sourcecode.swift; path = Constants.swift; sourceTree = "<group>"; };
		8ADDF2C7249685D6007066EE /* NewTextFiledNode.swift */ = {isa = PBXFileReference; lastKnownFileType = sourcecode.swift; path = NewTextFiledNode.swift; sourceTree = "<group>"; };
		8ADDF2C924968A40007066EE /* NewSelectionNode.swift */ = {isa = PBXFileReference; lastKnownFileType = sourcecode.swift; path = NewSelectionNode.swift; sourceTree = "<group>"; };
		8ADDF2CC2496A1A8007066EE /* EventModel.swift */ = {isa = PBXFileReference; lastKnownFileType = sourcecode.swift; path = EventModel.swift; sourceTree = "<group>"; };
		8ADDF2CE2496A1FA007066EE /* NewImageNode.swift */ = {isa = PBXFileReference; lastKnownFileType = sourcecode.swift; path = NewImageNode.swift; sourceTree = "<group>"; };
		8ADDF2D02496AA38007066EE /* NewEventController + ASEditableTextNode.swift */ = {isa = PBXFileReference; lastKnownFileType = sourcecode.swift; path = "NewEventController + ASEditableTextNode.swift"; sourceTree = "<group>"; };
		8ADE875A24A0CF41001C2913 /* Upcoming Events.appex */ = {isa = PBXFileReference; explicitFileType = "wrapper.app-extension"; includeInIndex = 0; path = "Upcoming Events.appex"; sourceTree = BUILT_PRODUCTS_DIR; };
		8ADE875D24A0CF41001C2913 /* TodayViewController.swift */ = {isa = PBXFileReference; lastKnownFileType = sourcecode.swift; path = TodayViewController.swift; sourceTree = "<group>"; };
		8ADE876024A0CF41001C2913 /* Base */ = {isa = PBXFileReference; lastKnownFileType = file.storyboard; name = Base; path = Base.lproj/MainInterface.storyboard; sourceTree = "<group>"; };
		8ADE876224A0CF41001C2913 /* Info.plist */ = {isa = PBXFileReference; lastKnownFileType = text.plist.xml; path = Info.plist; sourceTree = "<group>"; };
		8ADE876A24A0D14B001C2913 /* Upcoming Events.entitlements */ = {isa = PBXFileReference; lastKnownFileType = text.plist.entitlements; path = "Upcoming Events.entitlements"; sourceTree = "<group>"; };
		8ADE876D24A0D2D9001C2913 /* RLMEventModel.swift */ = {isa = PBXFileReference; lastKnownFileType = sourcecode.swift; path = RLMEventModel.swift; sourceTree = "<group>"; };
		91E5AF010D1C8D66B2C89799 /* Pods_Events.framework */ = {isa = PBXFileReference; explicitFileType = wrapper.framework; includeInIndex = 0; path = Pods_Events.framework; sourceTree = BUILT_PRODUCTS_DIR; };
		F16BEB70173C8C2424887A17 /* Pods-Events.release.xcconfig */ = {isa = PBXFileReference; includeInIndex = 1; lastKnownFileType = text.xcconfig; name = "Pods-Events.release.xcconfig"; path = "Target Support Files/Pods-Events/Pods-Events.release.xcconfig"; sourceTree = "<group>"; };
		F6524F56D6B8D151D034ED80 /* Pods-Widget.release.xcconfig */ = {isa = PBXFileReference; includeInIndex = 1; lastKnownFileType = text.xcconfig; name = "Pods-Widget.release.xcconfig"; path = "Target Support Files/Pods-Widget/Pods-Widget.release.xcconfig"; sourceTree = "<group>"; };
/* End PBXFileReference section */

/* Begin PBXFrameworksBuildPhase section */
		2155E462DD7EB9DA4136D0C3 /* Frameworks */ = {
			isa = PBXFrameworksBuildPhase;
			buildActionMask = 2147483647;
			files = (
			);
			runOnlyForDeploymentPostprocessing = 0;
		};
		8AA3210E24B069D800AC6E2C /* Frameworks */ = {
			isa = PBXFrameworksBuildPhase;
			buildActionMask = 2147483647;
			files = (
			);
			runOnlyForDeploymentPostprocessing = 0;
		};
		8AD200DB2486A0A20085B204 /* Frameworks */ = {
			isa = PBXFrameworksBuildPhase;
			buildActionMask = 2147483647;
			files = (
				5B6C369C1A4EE1BB38440A90 /* Pods_Events.framework in Frameworks */,
			);
			runOnlyForDeploymentPostprocessing = 0;
		};
		8ADE875724A0CF41001C2913 /* Frameworks */ = {
			isa = PBXFrameworksBuildPhase;
			buildActionMask = 2147483647;
			files = (
				8ADE875B24A0CF41001C2913 /* NotificationCenter.framework in Frameworks */,
				EB565697C9D587B540A48BC0 /* Pods_Widget.framework in Frameworks */,
			);
			runOnlyForDeploymentPostprocessing = 0;
		};
/* End PBXFrameworksBuildPhase section */

/* Begin PBXGroup section */
		7F0B3EA34C66CC1E155FA574 /* Pods */ = {
			isa = PBXGroup;
			children = (
				6CA87DD812949F4B9EECC4E6 /* Pods-Events.debug.xcconfig */,
				F16BEB70173C8C2424887A17 /* Pods-Events.release.xcconfig */,
				4BB7F06D019CA2922C38E60D /* Pods-Widget.debug.xcconfig */,
				F6524F56D6B8D151D034ED80 /* Pods-Widget.release.xcconfig */,
			);
			path = Pods;
			sourceTree = "<group>";
		};
		8A0E627324979F6A003BDCF6 /* Managers */ = {
			isa = PBXGroup;
			children = (
				8A591952249FAFEC00C75AF6 /* Notification Manager */,
				8ABF0E77249B3FCF0030B6A0 /* Realm Manager */,
				8A39D8B82498CBF500E9FFD2 /* Default Storage */,
				8A0E627424979F72003BDCF6 /* Data Manager */,
			);
			path = Managers;
			sourceTree = "<group>";
		};
		8A0E627424979F72003BDCF6 /* Data Manager */ = {
			isa = PBXGroup;
			children = (
				8A0E627524979F7B003BDCF6 /* DataManager.swift */,
				8A0E627724979F81003BDCF6 /* DataManagerObject.swift */,
			);
			path = "Data Manager";
			sourceTree = "<group>";
		};
		8A0E627B249811E1003BDCF6 /* Image Picker */ = {
			isa = PBXGroup;
			children = (
				8A0E627C249811F0003BDCF6 /* ImagePicker.swift */,
			);
			path = "Image Picker";
			sourceTree = "<group>";
		};
		8A2A3EA5248C3DAE0087BE3F /* Controllers */ = {
			isa = PBXGroup;
			children = (
				8A7E39CA2492A8B00057E1BD /* Base */,
				8A5677AC2493ADF1002828D5 /* Events */,
				8ADDF2BC24967EBF007066EE /* New */,
				8A5677A92493AAC0002828D5 /* Settings */,
			);
			path = Controllers;
			sourceTree = "<group>";
		};
		8A2A3EA9248C3E1C0087BE3F /* Views */ = {
			isa = PBXGroup;
			children = (
				8A7E39CD249379AE0057E1BD /* Nodes */,
				8A2A3EAA248C3E230087BE3F /* Storyboards */,
			);
			path = Views;
			sourceTree = "<group>";
		};
		8A2A3EAA248C3E230087BE3F /* Storyboards */ = {
			isa = PBXGroup;
			children = (
				8AD200EC2486A0A40085B204 /* LaunchScreen.storyboard */,
			);
			path = Storyboards;
			sourceTree = "<group>";
		};
		8A2A3EAB248C3E430087BE3F /* Support Files */ = {
			isa = PBXGroup;
			children = (
				8A2A3EB3248C42030087BE3F /* Fonts */,
				8AD200EA2486A0A40085B204 /* Assets.xcassets */,
			);
			path = "Support Files";
			sourceTree = "<group>";
		};
		8A2A3EAC248C3E4F0087BE3F /* Helpers */ = {
			isa = PBXGroup;
			children = (
				8A0E627B249811E1003BDCF6 /* Image Picker */,
				8A2A3EC1248C4D9E0087BE3F /* UIColor.swift */,
				8A7E39D424937BF70057E1BD /* String.swift */,
				8ADDF2C524968323007066EE /* Constants.swift */,
				8ACAF2652496AD8300807174 /* DateHelper.swift */,
				8A0E62792497A5B0003BDCF6 /* Utilities.swift */,
				8ABF0E70249A7B640030B6A0 /* TapticHelper.swift */,
				8ABF0E7A249BA5800030B6A0 /* ImageHelper.swift */,
			);
			path = Helpers;
			sourceTree = "<group>";
		};
		8A2A3EB3248C42030087BE3F /* Fonts */ = {
			isa = PBXGroup;
			children = (
				8A2A3EB9248C42290087BE3F /* OpenSans-Bold.ttf */,
				8A2A3EB7248C42280087BE3F /* OpenSans-Light.ttf */,
				8A2A3EB8248C42290087BE3F /* OpenSans-Regular.ttf */,
				8A2A3EB6248C42280087BE3F /* OpenSans-SemiBold.ttf */,
			);
			path = Fonts;
			sourceTree = "<group>";
		};
		8A39D8B82498CBF500E9FFD2 /* Default Storage */ = {
			isa = PBXGroup;
			children = (
				8A39D8BB2498CC1200E9FFD2 /* DefaultStorage.swift */,
			);
			path = "Default Storage";
			sourceTree = "<group>";
		};
		8A39D8C12499FD8F00E9FFD2 /* Event Full */ = {
			isa = PBXGroup;
			children = (
				8A39D8C22499FDA100E9FFD2 /* EventFullNode.swift */,
			);
			path = "Event Full";
			sourceTree = "<group>";
		};
		8A5677A62493AA62002828D5 /* Settings */ = {
			isa = PBXGroup;
			children = (
				8A5677A72493AA77002828D5 /* SettingsTextNode.swift */,
			);
			path = Settings;
			sourceTree = "<group>";
		};
		8A5677A92493AAC0002828D5 /* Settings */ = {
			isa = PBXGroup;
			children = (
				8A5677A42493A8F2002828D5 /* SettingsController.swift */,
				8A5677AA2493AACD002828D5 /* SettingsEnums.swift */,
			);
			path = Settings;
			sourceTree = "<group>";
		};
		8A5677AC2493ADF1002828D5 /* Events */ = {
			isa = PBXGroup;
			children = (
				8A7E39C82492A8840057E1BD /* EventsController.swift */,
				8ABF0E6F249A7A630030B6A0 /* Full */,
			);
			path = Events;
			sourceTree = "<group>";
		};
		8A591952249FAFEC00C75AF6 /* Notification Manager */ = {
			isa = PBXGroup;
			children = (
				8A591953249FB00700C75AF6 /* NotificationManager.swift */,
			);
			path = "Notification Manager";
			sourceTree = "<group>";
		};
		8A7E39CA2492A8B00057E1BD /* Base */ = {
			isa = PBXGroup;
			children = (
				8A7E39CB2492A8B70057E1BD /* TableNodeController.swift */,
			);
			path = Base;
			sourceTree = "<group>";
		};
		8A7E39CD249379AE0057E1BD /* Nodes */ = {
			isa = PBXGroup;
			children = (
				8A7E39D1249379D70057E1BD /* Base Table  */,
				8A7E39CE249379B20057E1BD /* Event Preview */,
				8A39D8C12499FD8F00E9FFD2 /* Event Full */,
				8ADDF2C1249682DD007066EE /* New */,
				8A5677A62493AA62002828D5 /* Settings */,
			);
			path = Nodes;
			sourceTree = "<group>";
		};
		8A7E39CE249379B20057E1BD /* Event Preview */ = {
			isa = PBXGroup;
			children = (
				8A7E39CF249379C00057E1BD /* EventPreviewNode.swift */,
			);
			path = "Event Preview";
			sourceTree = "<group>";
		};
		8A7E39D1249379D70057E1BD /* Base Table  */ = {
			isa = PBXGroup;
			children = (
				8A7E39D2249379E20057E1BD /* TableCell.swift */,
			);
			path = "Base Table ";
			sourceTree = "<group>";
		};
		8AA3210624B069D600AC6E2C /* Events Watch */ = {
			isa = PBXGroup;
			children = (
				8AA3210724B069D600AC6E2C /* Interface.storyboard */,
				8AA3210A24B069D800AC6E2C /* Assets.xcassets */,
				8AA3210C24B069D800AC6E2C /* Info.plist */,
			);
			path = "Events Watch";
			sourceTree = "<group>";
		};
		8AA3211524B069D800AC6E2C /* Events Watch Extension */ = {
			isa = PBXGroup;
			children = (
				8A95560E24B0BED0001307C4 /* EventRowController.swift */,
				8AA3211624B069D800AC6E2C /* InterfaceController.swift */,
				8AA3211824B069D800AC6E2C /* ExtensionDelegate.swift */,
				8AA3211A24B069D900AC6E2C /* Assets.xcassets */,
				8AA3211C24B069D900AC6E2C /* Info.plist */,
			);
			path = "Events Watch Extension";
			sourceTree = "<group>";
		};
		8ABF0E6F249A7A630030B6A0 /* Full */ = {
			isa = PBXGroup;
			children = (
				8A39D8BF2499615100E9FFD2 /* EventFullController.swift */,
				8ABF0E6D249A7A5F0030B6A0 /* EventFullController + Actions.swift */,
				8ABF0E75249AC0C50030B6A0 /* EventFullEnums.swift */,
			);
			path = Full;
			sourceTree = "<group>";
		};
		8ABF0E77249B3FCF0030B6A0 /* Realm Manager */ = {
			isa = PBXGroup;
			children = (
				8ABF0E78249B404B0030B6A0 /* RealmManager.swift */,
				8ABF0E7C249BB1CA0030B6A0 /* Objects */,
			);
			path = "Realm Manager";
			sourceTree = "<group>";
		};
		8ABF0E7C249BB1CA0030B6A0 /* Objects */ = {
			isa = PBXGroup;
			children = (
				8ABF0E7D249BB1CF0030B6A0 /* RLMEvent.swift */,
			);
			path = Objects;
			sourceTree = "<group>";
		};
		8AD200D52486A0A20085B204 = {
			isa = PBXGroup;
			children = (
				8AD200E02486A0A20085B204 /* Events */,
				8ADE875C24A0CF41001C2913 /* Widget */,
				8AA3210624B069D600AC6E2C /* Events Watch */,
				8AA3211524B069D800AC6E2C /* Events Watch Extension */,
				8AD200DF2486A0A20085B204 /* Products */,
				7F0B3EA34C66CC1E155FA574 /* Pods */,
				BD4713E9D34F3F3B2B8376D2 /* Frameworks */,
			);
			sourceTree = "<group>";
		};
		8AD200DF2486A0A20085B204 /* Products */ = {
			isa = PBXGroup;
			children = (
				8AD200DE2486A0A20085B204 /* Events.app */,
				8ADE875A24A0CF41001C2913 /* Upcoming Events.appex */,
				8AA3210524B069D600AC6E2C /* Events Watch.app */,
				8AA3211124B069D800AC6E2C /* Events Watch Extension.appex */,
			);
			name = Products;
			sourceTree = "<group>";
		};
		8AD200E02486A0A20085B204 /* Events */ = {
			isa = PBXGroup;
			children = (
				8A591955249FB5D300C75AF6 /* Events.entitlements */,
				8AD200E12486A0A20085B204 /* AppDelegate.swift */,
				8AD200E32486A0A20085B204 /* SceneDelegate.swift */,
				8AD200EF2486A0A40085B204 /* Info.plist */,
				8ADDF2CB2496A1A2007066EE /* Models */,
				8A2A3EA9248C3E1C0087BE3F /* Views */,
				8A2A3EA5248C3DAE0087BE3F /* Controllers */,
				8A0E627324979F6A003BDCF6 /* Managers */,
				8A2A3EAC248C3E4F0087BE3F /* Helpers */,
				8A2A3EAB248C3E430087BE3F /* Support Files */,
			);
			path = Events;
			sourceTree = "<group>";
		};
		8ADDF2BC24967EBF007066EE /* New */ = {
			isa = PBXGroup;
			children = (
				8ADDF2BD2496810B007066EE /* NewEventController.swift */,
				8ADDF2D02496AA38007066EE /* NewEventController + ASEditableTextNode.swift */,
				8ACAF2672496AF1C00807174 /* NewEventController + Actions.swift */,
				8A0E626D24977A03003BDCF6 /* NewEventSelectCategoryController.swift */,
				8A0E627124979B44003BDCF6 /* NewEventNotificationsController.swift */,
				8A0E628024981302003BDCF6 /* NewEventController + ImagePicker.swift */,
				8ADDF2BF24968249007066EE /* NewEventEnums.swift */,
			);
			path = New;
			sourceTree = "<group>";
		};
		8ADDF2C1249682DD007066EE /* New */ = {
			isa = PBXGroup;
			children = (
				8ADDF2C2249682F1007066EE /* NewSaveButtonNode.swift */,
				8ADDF2C7249685D6007066EE /* NewTextFiledNode.swift */,
				8ADDF2C924968A40007066EE /* NewSelectionNode.swift */,
				8ADDF2CE2496A1FA007066EE /* NewImageNode.swift */,
				8A0E626F24977B87003BDCF6 /* NewBasicNode.swift */,
			);
			path = New;
			sourceTree = "<group>";
		};
		8ADDF2CB2496A1A2007066EE /* Models */ = {
			isa = PBXGroup;
			children = (
				8ADDF2CC2496A1A8007066EE /* EventModel.swift */,
				8ADE876D24A0D2D9001C2913 /* RLMEventModel.swift */,
				8A39D8B62498C94100E9FFD2 /* SettingsModel.swift */,
			);
			path = Models;
			sourceTree = "<group>";
		};
		8ADE875C24A0CF41001C2913 /* Widget */ = {
			isa = PBXGroup;
			children = (
				8ADE876A24A0D14B001C2913 /* Upcoming Events.entitlements */,
				8AA3210024B0674C00AC6E2C /* WidgetCell.swift */,
				8ADE875D24A0CF41001C2913 /* TodayViewController.swift */,
				8ADE875F24A0CF41001C2913 /* MainInterface.storyboard */,
				8ADE876224A0CF41001C2913 /* Info.plist */,
			);
			path = Widget;
			sourceTree = "<group>";
		};
		BD4713E9D34F3F3B2B8376D2 /* Frameworks */ = {
			isa = PBXGroup;
			children = (
				91E5AF010D1C8D66B2C89799 /* Pods_Events.framework */,
				8AC230E224A0CA36001E83C5 /* NotificationCenter.framework */,
				34CA12620B64E8AE46500397 /* Pods_Widget.framework */,
			);
			name = Frameworks;
			sourceTree = "<group>";
		};
/* End PBXGroup section */

/* Begin PBXNativeTarget section */
		8AA3210424B069D600AC6E2C /* Events Watch */ = {
			isa = PBXNativeTarget;
			buildConfigurationList = 8AA3212424B069D900AC6E2C /* Build configuration list for PBXNativeTarget "Events Watch" */;
			buildPhases = (
				8AA3210324B069D600AC6E2C /* Resources */,
				8AA3212324B069D900AC6E2C /* Embed App Extensions */,
				2155E462DD7EB9DA4136D0C3 /* Frameworks */,
			);
			buildRules = (
			);
			dependencies = (
				8AA3211424B069D800AC6E2C /* PBXTargetDependency */,
			);
			name = "Events Watch";
			productName = "Events Watch";
			productReference = 8AA3210524B069D600AC6E2C /* Events Watch.app */;
			productType = "com.apple.product-type.application.watchapp2";
		};
		8AA3211024B069D800AC6E2C /* Events Watch Extension */ = {
			isa = PBXNativeTarget;
			buildConfigurationList = 8AA3212024B069D900AC6E2C /* Build configuration list for PBXNativeTarget "Events Watch Extension" */;
			buildPhases = (
				8AA3210D24B069D800AC6E2C /* Sources */,
				8AA3210E24B069D800AC6E2C /* Frameworks */,
				8AA3210F24B069D800AC6E2C /* Resources */,
			);
			buildRules = (
			);
			dependencies = (
			);
			name = "Events Watch Extension";
			productName = "Events Watch Extension";
			productReference = 8AA3211124B069D800AC6E2C /* Events Watch Extension.appex */;
			productType = "com.apple.product-type.watchkit2-extension";
		};
		8AD200DD2486A0A20085B204 /* Events */ = {
			isa = PBXNativeTarget;
			buildConfigurationList = 8AD200F22486A0A40085B204 /* Build configuration list for PBXNativeTarget "Events" */;
			buildPhases = (
				126C8D0C1E11531DFAFBCAE0 /* [CP] Check Pods Manifest.lock */,
				8AD200DA2486A0A20085B204 /* Sources */,
				8AD200DB2486A0A20085B204 /* Frameworks */,
				8AD200DC2486A0A20085B204 /* Resources */,
				CE5BF8483AACE0532960A33B /* [CP] Embed Pods Frameworks */,
				8ADE876924A0CF41001C2913 /* Embed App Extensions */,
				8AA3212724B069D900AC6E2C /* Embed Watch Content */,
			);
			buildRules = (
			);
			dependencies = (
				8ADE876424A0CF41001C2913 /* PBXTargetDependency */,
				8A3F0A502506842F009FC07D /* PBXTargetDependency */,
			);
			name = Events;
			productName = Events;
			productReference = 8AD200DE2486A0A20085B204 /* Events.app */;
			productType = "com.apple.product-type.application";
		};
		8ADE875924A0CF41001C2913 /* Widget */ = {
			isa = PBXNativeTarget;
			buildConfigurationList = 8ADE876624A0CF41001C2913 /* Build configuration list for PBXNativeTarget "Widget" */;
			buildPhases = (
				6BF829BEFBE6411BCCAE6ADE /* [CP] Check Pods Manifest.lock */,
				8ADE875624A0CF41001C2913 /* Sources */,
				8ADE875724A0CF41001C2913 /* Frameworks */,
				8ADE875824A0CF41001C2913 /* Resources */,
			);
			buildRules = (
			);
			dependencies = (
			);
			name = Widget;
			productName = Widget;
			productReference = 8ADE875A24A0CF41001C2913 /* Upcoming Events.appex */;
			productType = "com.apple.product-type.app-extension";
		};
/* End PBXNativeTarget section */

/* Begin PBXProject section */
		8AD200D62486A0A20085B204 /* Project object */ = {
			isa = PBXProject;
			attributes = {
				LastSwiftUpdateCheck = 1150;
				LastUpgradeCheck = 1200;
				ORGANIZATIONNAME = "Alexey Kostenko";
				TargetAttributes = {
					8AA3210424B069D600AC6E2C = {
						CreatedOnToolsVersion = 11.5;
					};
					8AA3211024B069D800AC6E2C = {
						CreatedOnToolsVersion = 11.5;
					};
					8AD200DD2486A0A20085B204 = {
						CreatedOnToolsVersion = 11.5;
					};
					8ADE875924A0CF41001C2913 = {
						CreatedOnToolsVersion = 11.5;
					};
				};
			};
			buildConfigurationList = 8AD200D92486A0A20085B204 /* Build configuration list for PBXProject "Events" */;
			compatibilityVersion = "Xcode 9.3";
			developmentRegion = en;
			hasScannedForEncodings = 0;
			knownRegions = (
				en,
				Base,
			);
			mainGroup = 8AD200D52486A0A20085B204;
			productRefGroup = 8AD200DF2486A0A20085B204 /* Products */;
			projectDirPath = "";
			projectRoot = "";
			targets = (
				8AD200DD2486A0A20085B204 /* Events */,
				8ADE875924A0CF41001C2913 /* Widget */,
				8AA3210424B069D600AC6E2C /* Events Watch */,
				8AA3211024B069D800AC6E2C /* Events Watch Extension */,
			);
		};
/* End PBXProject section */

/* Begin PBXResourcesBuildPhase section */
		8AA3210324B069D600AC6E2C /* Resources */ = {
			isa = PBXResourcesBuildPhase;
			buildActionMask = 2147483647;
			files = (
				8AA3212C24B06DDB00AC6E2C /* OpenSans-Regular.ttf in Resources */,
				8AA3210B24B069D800AC6E2C /* Assets.xcassets in Resources */,
				8AA3210924B069D600AC6E2C /* Interface.storyboard in Resources */,
				8AA3212B24B06DDB00AC6E2C /* OpenSans-Light.ttf in Resources */,
				8AA3212D24B06DDB00AC6E2C /* OpenSans-SemiBold.ttf in Resources */,
				8AA3212A24B06DDB00AC6E2C /* OpenSans-Bold.ttf in Resources */,
			);
			runOnlyForDeploymentPostprocessing = 0;
		};
		8AA3210F24B069D800AC6E2C /* Resources */ = {
			isa = PBXResourcesBuildPhase;
			buildActionMask = 2147483647;
			files = (
				8AA3212F24B06DDC00AC6E2C /* OpenSans-Light.ttf in Resources */,
				8AA3212E24B06DDC00AC6E2C /* OpenSans-Bold.ttf in Resources */,
				8AA3213124B06DDC00AC6E2C /* OpenSans-SemiBold.ttf in Resources */,
				8AA3213024B06DDC00AC6E2C /* OpenSans-Regular.ttf in Resources */,
				8AA3211B24B069D900AC6E2C /* Assets.xcassets in Resources */,
			);
			runOnlyForDeploymentPostprocessing = 0;
		};
		8AD200DC2486A0A20085B204 /* Resources */ = {
			isa = PBXResourcesBuildPhase;
			buildActionMask = 2147483647;
			files = (
				8A2A3EBA248C42290087BE3F /* OpenSans-SemiBold.ttf in Resources */,
				8A2A3EBD248C42290087BE3F /* OpenSans-Bold.ttf in Resources */,
				8AD200EE2486A0A40085B204 /* LaunchScreen.storyboard in Resources */,
				8AD200EB2486A0A40085B204 /* Assets.xcassets in Resources */,
				8A2A3EBB248C42290087BE3F /* OpenSans-Light.ttf in Resources */,
				8A2A3EBC248C42290087BE3F /* OpenSans-Regular.ttf in Resources */,
			);
			runOnlyForDeploymentPostprocessing = 0;
		};
		8ADE875824A0CF41001C2913 /* Resources */ = {
			isa = PBXResourcesBuildPhase;
			buildActionMask = 2147483647;
			files = (
				8AA320FC24B065CE00AC6E2C /* OpenSans-Light.ttf in Resources */,
				8AA320FB24B065CE00AC6E2C /* OpenSans-Bold.ttf in Resources */,
				8AA320FE24B065CE00AC6E2C /* OpenSans-SemiBold.ttf in Resources */,
				8AA320FD24B065CE00AC6E2C /* OpenSans-Regular.ttf in Resources */,
				8AA320FF24B0667700AC6E2C /* Assets.xcassets in Resources */,
				8ADE876124A0CF41001C2913 /* MainInterface.storyboard in Resources */,
			);
			runOnlyForDeploymentPostprocessing = 0;
		};
/* End PBXResourcesBuildPhase section */

/* Begin PBXShellScriptBuildPhase section */
		126C8D0C1E11531DFAFBCAE0 /* [CP] Check Pods Manifest.lock */ = {
			isa = PBXShellScriptBuildPhase;
			buildActionMask = 2147483647;
			files = (
			);
			inputFileListPaths = (
			);
			inputPaths = (
				"${PODS_PODFILE_DIR_PATH}/Podfile.lock",
				"${PODS_ROOT}/Manifest.lock",
			);
			name = "[CP] Check Pods Manifest.lock";
			outputFileListPaths = (
			);
			outputPaths = (
				"$(DERIVED_FILE_DIR)/Pods-Events-checkManifestLockResult.txt",
			);
			runOnlyForDeploymentPostprocessing = 0;
			shellPath = /bin/sh;
			shellScript = "diff \"${PODS_PODFILE_DIR_PATH}/Podfile.lock\" \"${PODS_ROOT}/Manifest.lock\" > /dev/null\nif [ $? != 0 ] ; then\n    # print error to STDERR\n    echo \"error: The sandbox is not in sync with the Podfile.lock. Run 'pod install' or update your CocoaPods installation.\" >&2\n    exit 1\nfi\n# This output is used by Xcode 'outputs' to avoid re-running this script phase.\necho \"SUCCESS\" > \"${SCRIPT_OUTPUT_FILE_0}\"\n";
			showEnvVarsInLog = 0;
		};
		6BF829BEFBE6411BCCAE6ADE /* [CP] Check Pods Manifest.lock */ = {
			isa = PBXShellScriptBuildPhase;
			buildActionMask = 2147483647;
			files = (
			);
			inputFileListPaths = (
			);
			inputPaths = (
				"${PODS_PODFILE_DIR_PATH}/Podfile.lock",
				"${PODS_ROOT}/Manifest.lock",
			);
			name = "[CP] Check Pods Manifest.lock";
			outputFileListPaths = (
			);
			outputPaths = (
				"$(DERIVED_FILE_DIR)/Pods-Widget-checkManifestLockResult.txt",
			);
			runOnlyForDeploymentPostprocessing = 0;
			shellPath = /bin/sh;
			shellScript = "diff \"${PODS_PODFILE_DIR_PATH}/Podfile.lock\" \"${PODS_ROOT}/Manifest.lock\" > /dev/null\nif [ $? != 0 ] ; then\n    # print error to STDERR\n    echo \"error: The sandbox is not in sync with the Podfile.lock. Run 'pod install' or update your CocoaPods installation.\" >&2\n    exit 1\nfi\n# This output is used by Xcode 'outputs' to avoid re-running this script phase.\necho \"SUCCESS\" > \"${SCRIPT_OUTPUT_FILE_0}\"\n";
			showEnvVarsInLog = 0;
		};
		CE5BF8483AACE0532960A33B /* [CP] Embed Pods Frameworks */ = {
			isa = PBXShellScriptBuildPhase;
			buildActionMask = 2147483647;
			files = (
			);
			inputFileListPaths = (
				"${PODS_ROOT}/Target Support Files/Pods-Events/Pods-Events-frameworks-${CONFIGURATION}-input-files.xcfilelist",
			);
			name = "[CP] Embed Pods Frameworks";
			outputFileListPaths = (
				"${PODS_ROOT}/Target Support Files/Pods-Events/Pods-Events-frameworks-${CONFIGURATION}-output-files.xcfilelist",
			);
			runOnlyForDeploymentPostprocessing = 0;
			shellPath = /bin/sh;
			shellScript = "\"${PODS_ROOT}/Target Support Files/Pods-Events/Pods-Events-frameworks.sh\"\n";
			showEnvVarsInLog = 0;
		};
/* End PBXShellScriptBuildPhase section */

/* Begin PBXSourcesBuildPhase section */
		8AA3210D24B069D800AC6E2C /* Sources */ = {
			isa = PBXSourcesBuildPhase;
			buildActionMask = 2147483647;
			files = (
				8AA3211924B069D800AC6E2C /* ExtensionDelegate.swift in Sources */,
				8AA3211724B069D800AC6E2C /* InterfaceController.swift in Sources */,
				8A95560F24B0BED0001307C4 /* EventRowController.swift in Sources */,
			);
			runOnlyForDeploymentPostprocessing = 0;
		};
		8AD200DA2486A0A20085B204 /* Sources */ = {
			isa = PBXSourcesBuildPhase;
			buildActionMask = 2147483647;
			files = (
				8A7E39C92492A8840057E1BD /* EventsController.swift in Sources */,
				8ADDF2C624968323007066EE /* Constants.swift in Sources */,
				8A0E627A2497A5B0003BDCF6 /* Utilities.swift in Sources */,
				8A39D8C32499FDA100E9FFD2 /* EventFullNode.swift in Sources */,
				8A2A3EC2248C4D9E0087BE3F /* UIColor.swift in Sources */,
				8ADDF2CA24968A40007066EE /* NewSelectionNode.swift in Sources */,
				8ABF0E71249A7B640030B6A0 /* TapticHelper.swift in Sources */,
				8A7E39D524937BF70057E1BD /* String.swift in Sources */,
				8ABF0E7B249BA5800030B6A0 /* ImageHelper.swift in Sources */,
				8A0E626E24977A03003BDCF6 /* NewEventSelectCategoryController.swift in Sources */,
				8A0E627224979B44003BDCF6 /* NewEventNotificationsController.swift in Sources */,
				8ACAF2682496AF1C00807174 /* NewEventController + Actions.swift in Sources */,
				8ADE876E24A0D2D9001C2913 /* RLMEventModel.swift in Sources */,
				8ABF0E79249B404B0030B6A0 /* RealmManager.swift in Sources */,
				8A39D8BC2498CC1200E9FFD2 /* DefaultStorage.swift in Sources */,
				8ABF0E7E249BB1CF0030B6A0 /* RLMEvent.swift in Sources */,
				8ADDF2C024968249007066EE /* NewEventEnums.swift in Sources */,
				8ADDF2BE2496810B007066EE /* NewEventController.swift in Sources */,
				8ADDF2D12496AA38007066EE /* NewEventController + ASEditableTextNode.swift in Sources */,
				8A0E627024977B87003BDCF6 /* NewBasicNode.swift in Sources */,
				8A39D8C02499615100E9FFD2 /* EventFullController.swift in Sources */,
				8A591954249FB00700C75AF6 /* NotificationManager.swift in Sources */,
				8A7E39D0249379C00057E1BD /* EventPreviewNode.swift in Sources */,
				8A39D8B72498C94100E9FFD2 /* SettingsModel.swift in Sources */,
				8ADDF2C8249685D6007066EE /* NewTextFiledNode.swift in Sources */,
				8A5677A82493AA77002828D5 /* SettingsTextNode.swift in Sources */,
				8A5677A52493A8F2002828D5 /* SettingsController.swift in Sources */,
				8A0E627D249811F0003BDCF6 /* ImagePicker.swift in Sources */,
				8A0E627624979F7B003BDCF6 /* DataManager.swift in Sources */,
				8A7E39D3249379E20057E1BD /* TableCell.swift in Sources */,
				8A5677AB2493AACD002828D5 /* SettingsEnums.swift in Sources */,
				8AD200E22486A0A20085B204 /* AppDelegate.swift in Sources */,
				8ABF0E76249AC0C50030B6A0 /* EventFullEnums.swift in Sources */,
				8A7E39CC2492A8B70057E1BD /* TableNodeController.swift in Sources */,
				8ADDF2C3249682F1007066EE /* NewSaveButtonNode.swift in Sources */,
				8A0E627824979F81003BDCF6 /* DataManagerObject.swift in Sources */,
				8ADDF2CF2496A1FA007066EE /* NewImageNode.swift in Sources */,
				8ABF0E6E249A7A5F0030B6A0 /* EventFullController + Actions.swift in Sources */,
				8ADDF2CD2496A1A8007066EE /* EventModel.swift in Sources */,
				8A0E628124981302003BDCF6 /* NewEventController + ImagePicker.swift in Sources */,
				8ACAF2662496AD8300807174 /* DateHelper.swift in Sources */,
				8AD200E42486A0A20085B204 /* SceneDelegate.swift in Sources */,
			);
			runOnlyForDeploymentPostprocessing = 0;
		};
		8ADE875624A0CF41001C2913 /* Sources */ = {
			isa = PBXSourcesBuildPhase;
			buildActionMask = 2147483647;
			files = (
				8ADE877224A0D457001C2913 /* EventFullEnums.swift in Sources */,
				8AA3210224B067E600AC6E2C /* DateHelper.swift in Sources */,
				8ADE877124A0D44E001C2913 /* NewEventEnums.swift in Sources */,
				8ADE877024A0D307001C2913 /* RLMEventModel.swift in Sources */,
				8AA320F924B0628900AC6E2C /* EventModel.swift in Sources */,
				8AA3210124B0674C00AC6E2C /* WidgetCell.swift in Sources */,
				8ADE875E24A0CF41001C2913 /* TodayViewController.swift in Sources */,
				8AA320FA24B0632C00AC6E2C /* ImageHelper.swift in Sources */,
			);
			runOnlyForDeploymentPostprocessing = 0;
		};
/* End PBXSourcesBuildPhase section */

/* Begin PBXTargetDependency section */
		8A3F0A502506842F009FC07D /* PBXTargetDependency */ = {
			isa = PBXTargetDependency;
			target = 8AA3210424B069D600AC6E2C /* Events Watch */;
			targetProxy = 8A3F0A4F2506842F009FC07D /* PBXContainerItemProxy */;
		};
		8AA3211424B069D800AC6E2C /* PBXTargetDependency */ = {
			isa = PBXTargetDependency;
			target = 8AA3211024B069D800AC6E2C /* Events Watch Extension */;
			targetProxy = 8AA3211324B069D800AC6E2C /* PBXContainerItemProxy */;
		};
		8ADE876424A0CF41001C2913 /* PBXTargetDependency */ = {
			isa = PBXTargetDependency;
			target = 8ADE875924A0CF41001C2913 /* Widget */;
			targetProxy = 8ADE876324A0CF41001C2913 /* PBXContainerItemProxy */;
		};
/* End PBXTargetDependency section */

/* Begin PBXVariantGroup section */
		8AA3210724B069D600AC6E2C /* Interface.storyboard */ = {
			isa = PBXVariantGroup;
			children = (
				8AA3210824B069D600AC6E2C /* Base */,
			);
			name = Interface.storyboard;
			sourceTree = "<group>";
		};
		8AD200EC2486A0A40085B204 /* LaunchScreen.storyboard */ = {
			isa = PBXVariantGroup;
			children = (
				8AD200ED2486A0A40085B204 /* Base */,
			);
			name = LaunchScreen.storyboard;
			sourceTree = "<group>";
		};
		8ADE875F24A0CF41001C2913 /* MainInterface.storyboard */ = {
			isa = PBXVariantGroup;
			children = (
				8ADE876024A0CF41001C2913 /* Base */,
			);
			name = MainInterface.storyboard;
			sourceTree = "<group>";
		};
/* End PBXVariantGroup section */

/* Begin XCBuildConfiguration section */
		8AA3212124B069D900AC6E2C /* Debug */ = {
			isa = XCBuildConfiguration;
			buildSettings = {
				ASSETCATALOG_COMPILER_COMPLICATION_NAME = Complication;
				CODE_SIGN_STYLE = Automatic;
				DEVELOPMENT_TEAM = GL9QL5822S;
				INFOPLIST_FILE = "Events Watch Extension/Info.plist";
				LD_RUNPATH_SEARCH_PATHS = (
					"$(inherited)",
					"@executable_path/Frameworks",
					"@executable_path/../../Frameworks",
				);
				PRODUCT_BUNDLE_IDENTIFIER = su.creatives.events.nondev.watchkitapp.watchkitextension;
				PRODUCT_NAME = "${TARGET_NAME}";
				SDKROOT = watchos;
				SKIP_INSTALL = YES;
				SWIFT_VERSION = 5.0;
				TARGETED_DEVICE_FAMILY = 4;
				WATCHOS_DEPLOYMENT_TARGET = 6.0;
			};
			name = Debug;
		};
		8AA3212224B069D900AC6E2C /* Release */ = {
			isa = XCBuildConfiguration;
			buildSettings = {
				ASSETCATALOG_COMPILER_COMPLICATION_NAME = Complication;
				CODE_SIGN_STYLE = Automatic;
				DEVELOPMENT_TEAM = GL9QL5822S;
				INFOPLIST_FILE = "Events Watch Extension/Info.plist";
				LD_RUNPATH_SEARCH_PATHS = (
					"$(inherited)",
					"@executable_path/Frameworks",
					"@executable_path/../../Frameworks",
				);
				PRODUCT_BUNDLE_IDENTIFIER = su.creatives.events.nondev.watchkitapp.watchkitextension;
				PRODUCT_NAME = "${TARGET_NAME}";
				SDKROOT = watchos;
				SKIP_INSTALL = YES;
				SWIFT_VERSION = 5.0;
				TARGETED_DEVICE_FAMILY = 4;
				WATCHOS_DEPLOYMENT_TARGET = 6.0;
			};
			name = Release;
		};
		8AA3212524B069D900AC6E2C /* Debug */ = {
			isa = XCBuildConfiguration;
			buildSettings = {
				ALWAYS_EMBED_SWIFT_STANDARD_LIBRARIES = YES;
				ASSETCATALOG_COMPILER_APPICON_NAME = AppIcon;
				CODE_SIGN_STYLE = Automatic;
				DEVELOPMENT_TEAM = GL9QL5822S;
				IBSC_MODULE = Events_Watch_Extension;
				INFOPLIST_FILE = "Events Watch/Info.plist";
				PRODUCT_BUNDLE_IDENTIFIER = su.creatives.events.nondev.watchkitapp;
				PRODUCT_NAME = "$(TARGET_NAME)";
				SDKROOT = watchos;
				SKIP_INSTALL = YES;
				SWIFT_VERSION = 5.0;
				TARGETED_DEVICE_FAMILY = 4;
				WATCHOS_DEPLOYMENT_TARGET = 6.0;
			};
			name = Debug;
		};
		8AA3212624B069D900AC6E2C /* Release */ = {
			isa = XCBuildConfiguration;
			buildSettings = {
				ALWAYS_EMBED_SWIFT_STANDARD_LIBRARIES = YES;
				ASSETCATALOG_COMPILER_APPICON_NAME = AppIcon;
				CODE_SIGN_STYLE = Automatic;
				DEVELOPMENT_TEAM = GL9QL5822S;
				IBSC_MODULE = Events_Watch_Extension;
				INFOPLIST_FILE = "Events Watch/Info.plist";
				PRODUCT_BUNDLE_IDENTIFIER = su.creatives.events.nondev.watchkitapp;
				PRODUCT_NAME = "$(TARGET_NAME)";
				SDKROOT = watchos;
				SKIP_INSTALL = YES;
				SWIFT_VERSION = 5.0;
				TARGETED_DEVICE_FAMILY = 4;
				WATCHOS_DEPLOYMENT_TARGET = 6.0;
			};
			name = Release;
		};
		8AD200F02486A0A40085B204 /* Debug */ = {
			isa = XCBuildConfiguration;
			buildSettings = {
				ALWAYS_SEARCH_USER_PATHS = NO;
				CLANG_ANALYZER_NONNULL = YES;
				CLANG_ANALYZER_NUMBER_OBJECT_CONVERSION = YES_AGGRESSIVE;
				CLANG_CXX_LANGUAGE_STANDARD = "gnu++14";
				CLANG_CXX_LIBRARY = "libc++";
				CLANG_ENABLE_MODULES = YES;
				CLANG_ENABLE_OBJC_ARC = YES;
				CLANG_ENABLE_OBJC_WEAK = YES;
				CLANG_WARN_BLOCK_CAPTURE_AUTORELEASING = YES;
				CLANG_WARN_BOOL_CONVERSION = YES;
				CLANG_WARN_COMMA = YES;
				CLANG_WARN_CONSTANT_CONVERSION = YES;
				CLANG_WARN_DEPRECATED_OBJC_IMPLEMENTATIONS = YES;
				CLANG_WARN_DIRECT_OBJC_ISA_USAGE = YES_ERROR;
				CLANG_WARN_DOCUMENTATION_COMMENTS = YES;
				CLANG_WARN_EMPTY_BODY = YES;
				CLANG_WARN_ENUM_CONVERSION = YES;
				CLANG_WARN_INFINITE_RECURSION = YES;
				CLANG_WARN_INT_CONVERSION = YES;
				CLANG_WARN_NON_LITERAL_NULL_CONVERSION = YES;
				CLANG_WARN_OBJC_IMPLICIT_RETAIN_SELF = YES;
				CLANG_WARN_OBJC_LITERAL_CONVERSION = YES;
				CLANG_WARN_OBJC_ROOT_CLASS = YES_ERROR;
				CLANG_WARN_QUOTED_INCLUDE_IN_FRAMEWORK_HEADER = YES;
				CLANG_WARN_RANGE_LOOP_ANALYSIS = YES;
				CLANG_WARN_STRICT_PROTOTYPES = YES;
				CLANG_WARN_SUSPICIOUS_MOVE = YES;
				CLANG_WARN_UNGUARDED_AVAILABILITY = YES_AGGRESSIVE;
				CLANG_WARN_UNREACHABLE_CODE = YES;
				CLANG_WARN__DUPLICATE_METHOD_MATCH = YES;
				COPY_PHASE_STRIP = NO;
				DEBUG_INFORMATION_FORMAT = dwarf;
				ENABLE_STRICT_OBJC_MSGSEND = YES;
				ENABLE_TESTABILITY = YES;
				GCC_C_LANGUAGE_STANDARD = gnu11;
				GCC_DYNAMIC_NO_PIC = NO;
				GCC_NO_COMMON_BLOCKS = YES;
				GCC_OPTIMIZATION_LEVEL = 0;
				GCC_PREPROCESSOR_DEFINITIONS = (
					"DEBUG=1",
					"$(inherited)",
				);
				GCC_WARN_64_TO_32_BIT_CONVERSION = YES;
				GCC_WARN_ABOUT_RETURN_TYPE = YES_ERROR;
				GCC_WARN_UNDECLARED_SELECTOR = YES;
				GCC_WARN_UNINITIALIZED_AUTOS = YES_AGGRESSIVE;
				GCC_WARN_UNUSED_FUNCTION = YES;
				GCC_WARN_UNUSED_VARIABLE = YES;
				IPHONEOS_DEPLOYMENT_TARGET = 13.5;
				MTL_ENABLE_DEBUG_INFO = INCLUDE_SOURCE;
				MTL_FAST_MATH = YES;
				ONLY_ACTIVE_ARCH = YES;
				SDKROOT = iphoneos;
				SWIFT_ACTIVE_COMPILATION_CONDITIONS = DEBUG;
				SWIFT_OPTIMIZATION_LEVEL = "-Onone";
			};
			name = Debug;
		};
		8AD200F12486A0A40085B204 /* Release */ = {
			isa = XCBuildConfiguration;
			buildSettings = {
				ALWAYS_SEARCH_USER_PATHS = NO;
				CLANG_ANALYZER_NONNULL = YES;
				CLANG_ANALYZER_NUMBER_OBJECT_CONVERSION = YES_AGGRESSIVE;
				CLANG_CXX_LANGUAGE_STANDARD = "gnu++14";
				CLANG_CXX_LIBRARY = "libc++";
				CLANG_ENABLE_MODULES = YES;
				CLANG_ENABLE_OBJC_ARC = YES;
				CLANG_ENABLE_OBJC_WEAK = YES;
				CLANG_WARN_BLOCK_CAPTURE_AUTORELEASING = YES;
				CLANG_WARN_BOOL_CONVERSION = YES;
				CLANG_WARN_COMMA = YES;
				CLANG_WARN_CONSTANT_CONVERSION = YES;
				CLANG_WARN_DEPRECATED_OBJC_IMPLEMENTATIONS = YES;
				CLANG_WARN_DIRECT_OBJC_ISA_USAGE = YES_ERROR;
				CLANG_WARN_DOCUMENTATION_COMMENTS = YES;
				CLANG_WARN_EMPTY_BODY = YES;
				CLANG_WARN_ENUM_CONVERSION = YES;
				CLANG_WARN_INFINITE_RECURSION = YES;
				CLANG_WARN_INT_CONVERSION = YES;
				CLANG_WARN_NON_LITERAL_NULL_CONVERSION = YES;
				CLANG_WARN_OBJC_IMPLICIT_RETAIN_SELF = YES;
				CLANG_WARN_OBJC_LITERAL_CONVERSION = YES;
				CLANG_WARN_OBJC_ROOT_CLASS = YES_ERROR;
				CLANG_WARN_QUOTED_INCLUDE_IN_FRAMEWORK_HEADER = YES;
				CLANG_WARN_RANGE_LOOP_ANALYSIS = YES;
				CLANG_WARN_STRICT_PROTOTYPES = YES;
				CLANG_WARN_SUSPICIOUS_MOVE = YES;
				CLANG_WARN_UNGUARDED_AVAILABILITY = YES_AGGRESSIVE;
				CLANG_WARN_UNREACHABLE_CODE = YES;
				CLANG_WARN__DUPLICATE_METHOD_MATCH = YES;
				COPY_PHASE_STRIP = NO;
				DEBUG_INFORMATION_FORMAT = "dwarf-with-dsym";
				ENABLE_NS_ASSERTIONS = NO;
				ENABLE_STRICT_OBJC_MSGSEND = YES;
				GCC_C_LANGUAGE_STANDARD = gnu11;
				GCC_NO_COMMON_BLOCKS = YES;
				GCC_WARN_64_TO_32_BIT_CONVERSION = YES;
				GCC_WARN_ABOUT_RETURN_TYPE = YES_ERROR;
				GCC_WARN_UNDECLARED_SELECTOR = YES;
				GCC_WARN_UNINITIALIZED_AUTOS = YES_AGGRESSIVE;
				GCC_WARN_UNUSED_FUNCTION = YES;
				GCC_WARN_UNUSED_VARIABLE = YES;
				IPHONEOS_DEPLOYMENT_TARGET = 13.5;
				MTL_ENABLE_DEBUG_INFO = NO;
				MTL_FAST_MATH = YES;
				SDKROOT = iphoneos;
				SWIFT_COMPILATION_MODE = wholemodule;
				SWIFT_OPTIMIZATION_LEVEL = "-O";
				VALIDATE_PRODUCT = YES;
			};
			name = Release;
		};
		8AD200F32486A0A40085B204 /* Debug */ = {
			isa = XCBuildConfiguration;
			baseConfigurationReference = 6CA87DD812949F4B9EECC4E6 /* Pods-Events.debug.xcconfig */;
			buildSettings = {
				ALWAYS_EMBED_SWIFT_STANDARD_LIBRARIES = YES;
				ASSETCATALOG_COMPILER_APPICON_NAME = AppIcon;
				CODE_SIGN_ENTITLEMENTS = Events/Events.entitlements;
				CODE_SIGN_STYLE = Automatic;
				DEVELOPMENT_TEAM = GL9QL5822S;
				INFOPLIST_FILE = Events/Info.plist;
				IPHONEOS_DEPLOYMENT_TARGET = 13.0;
				LD_RUNPATH_SEARCH_PATHS = (
					"$(inherited)",
					"@executable_path/Frameworks",
				);
				PRODUCT_BUNDLE_IDENTIFIER = su.creatives.events.nondev;
				PRODUCT_NAME = "$(TARGET_NAME)";
				SWIFT_VERSION = 5.0;
				TARGETED_DEVICE_FAMILY = 1;
			};
			name = Debug;
		};
		8AD200F42486A0A40085B204 /* Release */ = {
			isa = XCBuildConfiguration;
			baseConfigurationReference = F16BEB70173C8C2424887A17 /* Pods-Events.release.xcconfig */;
			buildSettings = {
				ALWAYS_EMBED_SWIFT_STANDARD_LIBRARIES = YES;
				ASSETCATALOG_COMPILER_APPICON_NAME = AppIcon;
				CODE_SIGN_ENTITLEMENTS = Events/Events.entitlements;
				CODE_SIGN_STYLE = Automatic;
				DEVELOPMENT_TEAM = GL9QL5822S;
				INFOPLIST_FILE = Events/Info.plist;
				IPHONEOS_DEPLOYMENT_TARGET = 13.0;
				LD_RUNPATH_SEARCH_PATHS = (
					"$(inherited)",
					"@executable_path/Frameworks",
				);
				PRODUCT_BUNDLE_IDENTIFIER = su.creatives.events.nondev;
				PRODUCT_NAME = "$(TARGET_NAME)";
				SWIFT_VERSION = 5.0;
				TARGETED_DEVICE_FAMILY = 1;
			};
			name = Release;
		};
		8ADE876724A0CF41001C2913 /* Debug */ = {
			isa = XCBuildConfiguration;
			baseConfigurationReference = 4BB7F06D019CA2922C38E60D /* Pods-Widget.debug.xcconfig */;
			buildSettings = {
				CODE_SIGN_ENTITLEMENTS = "Widget/Upcoming Events.entitlements";
				CODE_SIGN_IDENTITY = "Apple Development";
				CODE_SIGN_STYLE = Automatic;
				DEVELOPMENT_TEAM = GL9QL5822S;
				INFOPLIST_FILE = Widget/Info.plist;
				IPHONEOS_DEPLOYMENT_TARGET = 13.0;
				LD_RUNPATH_SEARCH_PATHS = (
					"$(inherited)",
					"@executable_path/Frameworks",
					"@executable_path/../../Frameworks",
				);
				PRODUCT_BUNDLE_IDENTIFIER = su.creatives.events.nondev.widget;
				PRODUCT_NAME = "Upcoming Events";
				PROVISIONING_PROFILE_SPECIFIER = "";
				SKIP_INSTALL = YES;
				SWIFT_VERSION = 5.0;
				TARGETED_DEVICE_FAMILY = 1;
			};
			name = Debug;
		};
		8ADE876824A0CF41001C2913 /* Release */ = {
			isa = XCBuildConfiguration;
			baseConfigurationReference = F6524F56D6B8D151D034ED80 /* Pods-Widget.release.xcconfig */;
			buildSettings = {
				CODE_SIGN_ENTITLEMENTS = "Widget/Upcoming Events.entitlements";
				CODE_SIGN_IDENTITY = "Apple Development";
				CODE_SIGN_STYLE = Automatic;
				DEVELOPMENT_TEAM = GL9QL5822S;
				INFOPLIST_FILE = Widget/Info.plist;
				IPHONEOS_DEPLOYMENT_TARGET = 13.0;
				LD_RUNPATH_SEARCH_PATHS = (
					"$(inherited)",
					"@executable_path/Frameworks",
					"@executable_path/../../Frameworks",
				);
				PRODUCT_BUNDLE_IDENTIFIER = su.creatives.events.nondev.widget;
				PRODUCT_NAME = "Upcoming Events";
				PROVISIONING_PROFILE_SPECIFIER = "";
				SKIP_INSTALL = YES;
				SWIFT_VERSION = 5.0;
				TARGETED_DEVICE_FAMILY = 1;
			};
			name = Release;
		};
/* End XCBuildConfiguration section */

/* Begin XCConfigurationList section */
		8AA3212024B069D900AC6E2C /* Build configuration list for PBXNativeTarget "Events Watch Extension" */ = {
			isa = XCConfigurationList;
			buildConfigurations = (
				8AA3212124B069D900AC6E2C /* Debug */,
				8AA3212224B069D900AC6E2C /* Release */,
			);
			defaultConfigurationIsVisible = 0;
			defaultConfigurationName = Release;
		};
		8AA3212424B069D900AC6E2C /* Build configuration list for PBXNativeTarget "Events Watch" */ = {
			isa = XCConfigurationList;
			buildConfigurations = (
				8AA3212524B069D900AC6E2C /* Debug */,
				8AA3212624B069D900AC6E2C /* Release */,
			);
			defaultConfigurationIsVisible = 0;
			defaultConfigurationName = Release;
		};
		8AD200D92486A0A20085B204 /* Build configuration list for PBXProject "Events" */ = {
			isa = XCConfigurationList;
			buildConfigurations = (
				8AD200F02486A0A40085B204 /* Debug */,
				8AD200F12486A0A40085B204 /* Release */,
			);
			defaultConfigurationIsVisible = 0;
			defaultConfigurationName = Release;
		};
		8AD200F22486A0A40085B204 /* Build configuration list for PBXNativeTarget "Events" */ = {
			isa = XCConfigurationList;
			buildConfigurations = (
				8AD200F32486A0A40085B204 /* Debug */,
				8AD200F42486A0A40085B204 /* Release */,
			);
			defaultConfigurationIsVisible = 0;
			defaultConfigurationName = Release;
		};
		8ADE876624A0CF41001C2913 /* Build configuration list for PBXNativeTarget "Widget" */ = {
			isa = XCConfigurationList;
			buildConfigurations = (
				8ADE876724A0CF41001C2913 /* Debug */,
				8ADE876824A0CF41001C2913 /* Release */,
			);
			defaultConfigurationIsVisible = 0;
			defaultConfigurationName = Release;
		};
/* End XCConfigurationList section */
	};
	rootObject = 8AD200D62486A0A20085B204 /* Project object */;
}
