// !$*UTF8*$!
{
	archiveVersion = 1;
	classes = {
	};
	objectVersion = 51;
	objects = {

/* Begin PBXBuildFile section */
		5B6C369C1A4EE1BB38440A90 /* Pods_Events.framework in Frameworks */ = {isa = PBXBuildFile; fileRef = 91E5AF010D1C8D66B2C89799 /* Pods_Events.framework */; };
		8A0E626E24977A03003BDCF6 /* NewEventSelectCategoryController.swift in Sources */ = {isa = PBXBuildFile; fileRef = 8A0E626D24977A03003BDCF6 /* NewEventSelectCategoryController.swift */; };
		8A0E627024977B87003BDCF6 /* NewBasicNode.swift in Sources */ = {isa = PBXBuildFile; fileRef = 8A0E626F24977B87003BDCF6 /* NewBasicNode.swift */; };
		8A0E627224979B44003BDCF6 /* NewEventNotificationsController.swift in Sources */ = {isa = PBXBuildFile; fileRef = 8A0E627124979B44003BDCF6 /* NewEventNotificationsController.swift */; };
		8A0E627624979F7B003BDCF6 /* DataManager.swift in Sources */ = {isa = PBXBuildFile; fileRef = 8A0E627524979F7B003BDCF6 /* DataManager.swift */; };
		8A0E627824979F81003BDCF6 /* DataManagerObject.swift in Sources */ = {isa = PBXBuildFile; fileRef = 8A0E627724979F81003BDCF6 /* DataManagerObject.swift */; };
		8A0E627A2497A5B0003BDCF6 /* Utilities.swift in Sources */ = {isa = PBXBuildFile; fileRef = 8A0E62792497A5B0003BDCF6 /* Utilities.swift */; };
		8A2A3EBA248C42290087BE3F /* OpenSans-SemiBold.ttf in Resources */ = {isa = PBXBuildFile; fileRef = 8A2A3EB6248C42280087BE3F /* OpenSans-SemiBold.ttf */; };
		8A2A3EBB248C42290087BE3F /* OpenSans-Light.ttf in Resources */ = {isa = PBXBuildFile; fileRef = 8A2A3EB7248C42280087BE3F /* OpenSans-Light.ttf */; };
		8A2A3EBC248C42290087BE3F /* OpenSans-Regular.ttf in Resources */ = {isa = PBXBuildFile; fileRef = 8A2A3EB8248C42290087BE3F /* OpenSans-Regular.ttf */; };
		8A2A3EBD248C42290087BE3F /* OpenSans-Bold.ttf in Resources */ = {isa = PBXBuildFile; fileRef = 8A2A3EB9248C42290087BE3F /* OpenSans-Bold.ttf */; };
		8A2A3EC2248C4D9E0087BE3F /* UIColor.swift in Sources */ = {isa = PBXBuildFile; fileRef = 8A2A3EC1248C4D9E0087BE3F /* UIColor.swift */; };
		8A5677A52493A8F2002828D5 /* SettingsController.swift in Sources */ = {isa = PBXBuildFile; fileRef = 8A5677A42493A8F2002828D5 /* SettingsController.swift */; };
		8A5677A82493AA77002828D5 /* SettingsTextNode.swift in Sources */ = {isa = PBXBuildFile; fileRef = 8A5677A72493AA77002828D5 /* SettingsTextNode.swift */; };
		8A5677AB2493AACD002828D5 /* SettingsEnums.swift in Sources */ = {isa = PBXBuildFile; fileRef = 8A5677AA2493AACD002828D5 /* SettingsEnums.swift */; };
		8A7E39C92492A8840057E1BD /* EventsController.swift in Sources */ = {isa = PBXBuildFile; fileRef = 8A7E39C82492A8840057E1BD /* EventsController.swift */; };
		8A7E39CC2492A8B70057E1BD /* TableNodeController.swift in Sources */ = {isa = PBXBuildFile; fileRef = 8A7E39CB2492A8B70057E1BD /* TableNodeController.swift */; };
		8A7E39D0249379C00057E1BD /* EventPreviewNode.swift in Sources */ = {isa = PBXBuildFile; fileRef = 8A7E39CF249379C00057E1BD /* EventPreviewNode.swift */; };
		8A7E39D3249379E20057E1BD /* TableCell.swift in Sources */ = {isa = PBXBuildFile; fileRef = 8A7E39D2249379E20057E1BD /* TableCell.swift */; };
		8A7E39D524937BF70057E1BD /* String.swift in Sources */ = {isa = PBXBuildFile; fileRef = 8A7E39D424937BF70057E1BD /* String.swift */; };
		8ACAF2662496AD8300807174 /* DateHelper.swift in Sources */ = {isa = PBXBuildFile; fileRef = 8ACAF2652496AD8300807174 /* DateHelper.swift */; };
		8ACAF2682496AF1C00807174 /* NewEventController + Actions.swift in Sources */ = {isa = PBXBuildFile; fileRef = 8ACAF2672496AF1C00807174 /* NewEventController + Actions.swift */; };
		8AD200E22486A0A20085B204 /* AppDelegate.swift in Sources */ = {isa = PBXBuildFile; fileRef = 8AD200E12486A0A20085B204 /* AppDelegate.swift */; };
		8AD200E42486A0A20085B204 /* SceneDelegate.swift in Sources */ = {isa = PBXBuildFile; fileRef = 8AD200E32486A0A20085B204 /* SceneDelegate.swift */; };
		8AD200EB2486A0A40085B204 /* Assets.xcassets in Resources */ = {isa = PBXBuildFile; fileRef = 8AD200EA2486A0A40085B204 /* Assets.xcassets */; };
		8AD200EE2486A0A40085B204 /* LaunchScreen.storyboard in Resources */ = {isa = PBXBuildFile; fileRef = 8AD200EC2486A0A40085B204 /* LaunchScreen.storyboard */; };
		8ADDF2BE2496810B007066EE /* NewEventController.swift in Sources */ = {isa = PBXBuildFile; fileRef = 8ADDF2BD2496810B007066EE /* NewEventController.swift */; };
		8ADDF2C024968249007066EE /* NewEventEnums.swift in Sources */ = {isa = PBXBuildFile; fileRef = 8ADDF2BF24968249007066EE /* NewEventEnums.swift */; };
		8ADDF2C3249682F1007066EE /* NewSaveButtonNode.swift in Sources */ = {isa = PBXBuildFile; fileRef = 8ADDF2C2249682F1007066EE /* NewSaveButtonNode.swift */; };
		8ADDF2C624968323007066EE /* Constants.swift in Sources */ = {isa = PBXBuildFile; fileRef = 8ADDF2C524968323007066EE /* Constants.swift */; };
		8ADDF2C8249685D6007066EE /* NewTextFiledNode.swift in Sources */ = {isa = PBXBuildFile; fileRef = 8ADDF2C7249685D6007066EE /* NewTextFiledNode.swift */; };
		8ADDF2CA24968A40007066EE /* NewSelectionNode.swift in Sources */ = {isa = PBXBuildFile; fileRef = 8ADDF2C924968A40007066EE /* NewSelectionNode.swift */; };
		8ADDF2CD2496A1A8007066EE /* EventModel.swift in Sources */ = {isa = PBXBuildFile; fileRef = 8ADDF2CC2496A1A8007066EE /* EventModel.swift */; };
		8ADDF2CF2496A1FA007066EE /* NewImageNode.swift in Sources */ = {isa = PBXBuildFile; fileRef = 8ADDF2CE2496A1FA007066EE /* NewImageNode.swift */; };
		8ADDF2D12496AA38007066EE /* NewEventController + ASEditableTextNode.swift in Sources */ = {isa = PBXBuildFile; fileRef = 8ADDF2D02496AA38007066EE /* NewEventController + ASEditableTextNode.swift */; };
/* End PBXBuildFile section */

/* Begin PBXFileReference section */
		6CA87DD812949F4B9EECC4E6 /* Pods-Events.debug.xcconfig */ = {isa = PBXFileReference; includeInIndex = 1; lastKnownFileType = text.xcconfig; name = "Pods-Events.debug.xcconfig"; path = "Target Support Files/Pods-Events/Pods-Events.debug.xcconfig"; sourceTree = "<group>"; };
		8A0E626D24977A03003BDCF6 /* NewEventSelectCategoryController.swift */ = {isa = PBXFileReference; lastKnownFileType = sourcecode.swift; path = NewEventSelectCategoryController.swift; sourceTree = "<group>"; };
		8A0E626F24977B87003BDCF6 /* NewBasicNode.swift */ = {isa = PBXFileReference; lastKnownFileType = sourcecode.swift; path = NewBasicNode.swift; sourceTree = "<group>"; };
		8A0E627124979B44003BDCF6 /* NewEventNotificationsController.swift */ = {isa = PBXFileReference; lastKnownFileType = sourcecode.swift; path = NewEventNotificationsController.swift; sourceTree = "<group>"; };
		8A0E627524979F7B003BDCF6 /* DataManager.swift */ = {isa = PBXFileReference; lastKnownFileType = sourcecode.swift; path = DataManager.swift; sourceTree = "<group>"; };
		8A0E627724979F81003BDCF6 /* DataManagerObject.swift */ = {isa = PBXFileReference; lastKnownFileType = sourcecode.swift; path = DataManagerObject.swift; sourceTree = "<group>"; };
		8A0E62792497A5B0003BDCF6 /* Utilities.swift */ = {isa = PBXFileReference; lastKnownFileType = sourcecode.swift; path = Utilities.swift; sourceTree = "<group>"; };
		8A2A3EB6248C42280087BE3F /* OpenSans-SemiBold.ttf */ = {isa = PBXFileReference; lastKnownFileType = file; path = "OpenSans-SemiBold.ttf"; sourceTree = "<group>"; };
		8A2A3EB7248C42280087BE3F /* OpenSans-Light.ttf */ = {isa = PBXFileReference; lastKnownFileType = file; path = "OpenSans-Light.ttf"; sourceTree = "<group>"; };
		8A2A3EB8248C42290087BE3F /* OpenSans-Regular.ttf */ = {isa = PBXFileReference; lastKnownFileType = file; path = "OpenSans-Regular.ttf"; sourceTree = "<group>"; };
		8A2A3EB9248C42290087BE3F /* OpenSans-Bold.ttf */ = {isa = PBXFileReference; lastKnownFileType = file; path = "OpenSans-Bold.ttf"; sourceTree = "<group>"; };
		8A2A3EC1248C4D9E0087BE3F /* UIColor.swift */ = {isa = PBXFileReference; lastKnownFileType = sourcecode.swift; path = UIColor.swift; sourceTree = "<group>"; };
		8A5677A42493A8F2002828D5 /* SettingsController.swift */ = {isa = PBXFileReference; lastKnownFileType = sourcecode.swift; path = SettingsController.swift; sourceTree = "<group>"; };
		8A5677A72493AA77002828D5 /* SettingsTextNode.swift */ = {isa = PBXFileReference; lastKnownFileType = sourcecode.swift; path = SettingsTextNode.swift; sourceTree = "<group>"; };
		8A5677AA2493AACD002828D5 /* SettingsEnums.swift */ = {isa = PBXFileReference; lastKnownFileType = sourcecode.swift; path = SettingsEnums.swift; sourceTree = "<group>"; };
		8A7E39C82492A8840057E1BD /* EventsController.swift */ = {isa = PBXFileReference; lastKnownFileType = sourcecode.swift; path = EventsController.swift; sourceTree = "<group>"; };
		8A7E39CB2492A8B70057E1BD /* TableNodeController.swift */ = {isa = PBXFileReference; lastKnownFileType = sourcecode.swift; path = TableNodeController.swift; sourceTree = "<group>"; };
		8A7E39CF249379C00057E1BD /* EventPreviewNode.swift */ = {isa = PBXFileReference; lastKnownFileType = sourcecode.swift; path = EventPreviewNode.swift; sourceTree = "<group>"; };
		8A7E39D2249379E20057E1BD /* TableCell.swift */ = {isa = PBXFileReference; lastKnownFileType = sourcecode.swift; path = TableCell.swift; sourceTree = "<group>"; };
		8A7E39D424937BF70057E1BD /* String.swift */ = {isa = PBXFileReference; lastKnownFileType = sourcecode.swift; path = String.swift; sourceTree = "<group>"; };
		8ACAF2652496AD8300807174 /* DateHelper.swift */ = {isa = PBXFileReference; lastKnownFileType = sourcecode.swift; path = DateHelper.swift; sourceTree = "<group>"; };
		8ACAF2672496AF1C00807174 /* NewEventController + Actions.swift */ = {isa = PBXFileReference; lastKnownFileType = sourcecode.swift; path = "NewEventController + Actions.swift"; sourceTree = "<group>"; };
		8AD200DE2486A0A20085B204 /* Events.app */ = {isa = PBXFileReference; explicitFileType = wrapper.application; includeInIndex = 0; path = Events.app; sourceTree = BUILT_PRODUCTS_DIR; };
		8AD200E12486A0A20085B204 /* AppDelegate.swift */ = {isa = PBXFileReference; lastKnownFileType = sourcecode.swift; path = AppDelegate.swift; sourceTree = "<group>"; };
		8AD200E32486A0A20085B204 /* SceneDelegate.swift */ = {isa = PBXFileReference; lastKnownFileType = sourcecode.swift; path = SceneDelegate.swift; sourceTree = "<group>"; };
		8AD200EA2486A0A40085B204 /* Assets.xcassets */ = {isa = PBXFileReference; lastKnownFileType = folder.assetcatalog; path = Assets.xcassets; sourceTree = "<group>"; };
		8AD200ED2486A0A40085B204 /* Base */ = {isa = PBXFileReference; lastKnownFileType = file.storyboard; name = Base; path = Base.lproj/LaunchScreen.storyboard; sourceTree = "<group>"; };
		8AD200EF2486A0A40085B204 /* Info.plist */ = {isa = PBXFileReference; lastKnownFileType = text.plist.xml; path = Info.plist; sourceTree = "<group>"; };
		8ADDF2BD2496810B007066EE /* NewEventController.swift */ = {isa = PBXFileReference; lastKnownFileType = sourcecode.swift; path = NewEventController.swift; sourceTree = "<group>"; };
		8ADDF2BF24968249007066EE /* NewEventEnums.swift */ = {isa = PBXFileReference; lastKnownFileType = sourcecode.swift; path = NewEventEnums.swift; sourceTree = "<group>"; };
		8ADDF2C2249682F1007066EE /* NewSaveButtonNode.swift */ = {isa = PBXFileReference; lastKnownFileType = sourcecode.swift; path = NewSaveButtonNode.swift; sourceTree = "<group>"; };
		8ADDF2C524968323007066EE /* Constants.swift */ = {isa = PBXFileReference; lastKnownFileType = sourcecode.swift; path = Constants.swift; sourceTree = "<group>"; };
		8ADDF2C7249685D6007066EE /* NewTextFiledNode.swift */ = {isa = PBXFileReference; lastKnownFileType = sourcecode.swift; path = NewTextFiledNode.swift; sourceTree = "<group>"; };
		8ADDF2C924968A40007066EE /* NewSelectionNode.swift */ = {isa = PBXFileReference; lastKnownFileType = sourcecode.swift; path = NewSelectionNode.swift; sourceTree = "<group>"; };
		8ADDF2CC2496A1A8007066EE /* EventModel.swift */ = {isa = PBXFileReference; lastKnownFileType = sourcecode.swift; path = EventModel.swift; sourceTree = "<group>"; };
		8ADDF2CE2496A1FA007066EE /* NewImageNode.swift */ = {isa = PBXFileReference; lastKnownFileType = sourcecode.swift; path = NewImageNode.swift; sourceTree = "<group>"; };
		8ADDF2D02496AA38007066EE /* NewEventController + ASEditableTextNode.swift */ = {isa = PBXFileReference; lastKnownFileType = sourcecode.swift; path = "NewEventController + ASEditableTextNode.swift"; sourceTree = "<group>"; };
		91E5AF010D1C8D66B2C89799 /* Pods_Events.framework */ = {isa = PBXFileReference; explicitFileType = wrapper.framework; includeInIndex = 0; path = Pods_Events.framework; sourceTree = BUILT_PRODUCTS_DIR; };
		F16BEB70173C8C2424887A17 /* Pods-Events.release.xcconfig */ = {isa = PBXFileReference; includeInIndex = 1; lastKnownFileType = text.xcconfig; name = "Pods-Events.release.xcconfig"; path = "Target Support Files/Pods-Events/Pods-Events.release.xcconfig"; sourceTree = "<group>"; };
/* End PBXFileReference section */

/* Begin PBXFrameworksBuildPhase section */
		8AD200DB2486A0A20085B204 /* Frameworks */ = {
			isa = PBXFrameworksBuildPhase;
			buildActionMask = 2147483647;
			files = (
				5B6C369C1A4EE1BB38440A90 /* Pods_Events.framework in Frameworks */,
			);
			runOnlyForDeploymentPostprocessing = 0;
		};
/* End PBXFrameworksBuildPhase section */

/* Begin PBXGroup section */
		7F0B3EA34C66CC1E155FA574 /* Pods */ = {
			isa = PBXGroup;
			children = (
				6CA87DD812949F4B9EECC4E6 /* Pods-Events.debug.xcconfig */,
				F16BEB70173C8C2424887A17 /* Pods-Events.release.xcconfig */,
			);
			path = Pods;
			sourceTree = "<group>";
		};
		8A0E627324979F6A003BDCF6 /* Managers */ = {
			isa = PBXGroup;
			children = (
				8A0E627424979F72003BDCF6 /* DataManager */,
			);
			path = Managers;
			sourceTree = "<group>";
		};
		8A0E627424979F72003BDCF6 /* DataManager */ = {
			isa = PBXGroup;
			children = (
				8A0E627524979F7B003BDCF6 /* DataManager.swift */,
				8A0E627724979F81003BDCF6 /* DataManagerObject.swift */,
			);
			path = DataManager;
			sourceTree = "<group>";
		};
		8A2A3EA5248C3DAE0087BE3F /* Controllers */ = {
			isa = PBXGroup;
			children = (
				8A7E39CA2492A8B00057E1BD /* Base */,
				8A5677AC2493ADF1002828D5 /* Events */,
				8ADDF2BC24967EBF007066EE /* New */,
				8A5677A92493AAC0002828D5 /* Settings */,
			);
			path = Controllers;
			sourceTree = "<group>";
		};
		8A2A3EA9248C3E1C0087BE3F /* Views */ = {
			isa = PBXGroup;
			children = (
				8A7E39CD249379AE0057E1BD /* Nodes */,
				8A2A3EAA248C3E230087BE3F /* Storyboards */,
			);
			path = Views;
			sourceTree = "<group>";
		};
		8A2A3EAA248C3E230087BE3F /* Storyboards */ = {
			isa = PBXGroup;
			children = (
				8AD200EC2486A0A40085B204 /* LaunchScreen.storyboard */,
			);
			path = Storyboards;
			sourceTree = "<group>";
		};
		8A2A3EAB248C3E430087BE3F /* Support Files */ = {
			isa = PBXGroup;
			children = (
				8A2A3EB3248C42030087BE3F /* Fonts */,
				8AD200EA2486A0A40085B204 /* Assets.xcassets */,
			);
			path = "Support Files";
			sourceTree = "<group>";
		};
		8A2A3EAC248C3E4F0087BE3F /* Helpers */ = {
			isa = PBXGroup;
			children = (
				8A2A3EC1248C4D9E0087BE3F /* UIColor.swift */,
				8A7E39D424937BF70057E1BD /* String.swift */,
				8ADDF2C524968323007066EE /* Constants.swift */,
				8ACAF2652496AD8300807174 /* DateHelper.swift */,
				8A0E62792497A5B0003BDCF6 /* Utilities.swift */,
			);
			path = Helpers;
			sourceTree = "<group>";
		};
		8A2A3EB3248C42030087BE3F /* Fonts */ = {
			isa = PBXGroup;
			children = (
				8A2A3EB9248C42290087BE3F /* OpenSans-Bold.ttf */,
				8A2A3EB7248C42280087BE3F /* OpenSans-Light.ttf */,
				8A2A3EB8248C42290087BE3F /* OpenSans-Regular.ttf */,
				8A2A3EB6248C42280087BE3F /* OpenSans-SemiBold.ttf */,
			);
			path = Fonts;
			sourceTree = "<group>";
		};
		8A5677A62493AA62002828D5 /* Settings */ = {
			isa = PBXGroup;
			children = (
				8A5677A72493AA77002828D5 /* SettingsTextNode.swift */,
			);
			path = Settings;
			sourceTree = "<group>";
		};
		8A5677A92493AAC0002828D5 /* Settings */ = {
			isa = PBXGroup;
			children = (
				8A5677A42493A8F2002828D5 /* SettingsController.swift */,
				8A5677AA2493AACD002828D5 /* SettingsEnums.swift */,
			);
			path = Settings;
			sourceTree = "<group>";
		};
		8A5677AC2493ADF1002828D5 /* Events */ = {
			isa = PBXGroup;
			children = (
				8A7E39C82492A8840057E1BD /* EventsController.swift */,
			);
			path = Events;
			sourceTree = "<group>";
		};
		8A7E39CA2492A8B00057E1BD /* Base */ = {
			isa = PBXGroup;
			children = (
				8A7E39CB2492A8B70057E1BD /* TableNodeController.swift */,
			);
			path = Base;
			sourceTree = "<group>";
		};
		8A7E39CD249379AE0057E1BD /* Nodes */ = {
			isa = PBXGroup;
			children = (
				8A7E39D1249379D70057E1BD /* Base */,
				8A7E39CE249379B20057E1BD /* EventPreview */,
				8ADDF2C1249682DD007066EE /* New */,
				8A5677A62493AA62002828D5 /* Settings */,
			);
			path = Nodes;
			sourceTree = "<group>";
		};
		8A7E39CE249379B20057E1BD /* EventPreview */ = {
			isa = PBXGroup;
			children = (
				8A7E39CF249379C00057E1BD /* EventPreviewNode.swift */,
			);
			path = EventPreview;
			sourceTree = "<group>";
		};
		8A7E39D1249379D70057E1BD /* Base */ = {
			isa = PBXGroup;
			children = (
				8A7E39D2249379E20057E1BD /* TableCell.swift */,
			);
			path = Base;
			sourceTree = "<group>";
		};
		8AD200D52486A0A20085B204 = {
			isa = PBXGroup;
			children = (
				8AD200E02486A0A20085B204 /* Events */,
				8AD200DF2486A0A20085B204 /* Products */,
				7F0B3EA34C66CC1E155FA574 /* Pods */,
				BD4713E9D34F3F3B2B8376D2 /* Frameworks */,
			);
			sourceTree = "<group>";
		};
		8AD200DF2486A0A20085B204 /* Products */ = {
			isa = PBXGroup;
			children = (
				8AD200DE2486A0A20085B204 /* Events.app */,
			);
			name = Products;
			sourceTree = "<group>";
		};
		8AD200E02486A0A20085B204 /* Events */ = {
			isa = PBXGroup;
			children = (
				8AD200E12486A0A20085B204 /* AppDelegate.swift */,
				8AD200E32486A0A20085B204 /* SceneDelegate.swift */,
				8AD200EF2486A0A40085B204 /* Info.plist */,
				8ADDF2CB2496A1A2007066EE /* Models */,
				8A2A3EA9248C3E1C0087BE3F /* Views */,
				8A2A3EA5248C3DAE0087BE3F /* Controllers */,
				8A0E627324979F6A003BDCF6 /* Managers */,
				8A2A3EAC248C3E4F0087BE3F /* Helpers */,
				8A2A3EAB248C3E430087BE3F /* Support Files */,
			);
			path = Events;
			sourceTree = "<group>";
		};
		8ADDF2BC24967EBF007066EE /* New */ = {
			isa = PBXGroup;
			children = (
				8ADDF2BD2496810B007066EE /* NewEventController.swift */,
				8ADDF2D02496AA38007066EE /* NewEventController + ASEditableTextNode.swift */,
				8ACAF2672496AF1C00807174 /* NewEventController + Actions.swift */,
				8A0E626D24977A03003BDCF6 /* NewEventSelectCategoryController.swift */,
				8A0E627124979B44003BDCF6 /* NewEventNotificationsController.swift */,
				8ADDF2BF24968249007066EE /* NewEventEnums.swift */,
			);
			path = New;
			sourceTree = "<group>";
		};
		8ADDF2C1249682DD007066EE /* New */ = {
			isa = PBXGroup;
			children = (
				8ADDF2C2249682F1007066EE /* NewSaveButtonNode.swift */,
				8ADDF2C7249685D6007066EE /* NewTextFiledNode.swift */,
				8ADDF2C924968A40007066EE /* NewSelectionNode.swift */,
				8ADDF2CE2496A1FA007066EE /* NewImageNode.swift */,
				8A0E626F24977B87003BDCF6 /* NewBasicNode.swift */,
			);
			path = New;
			sourceTree = "<group>";
		};
		8ADDF2CB2496A1A2007066EE /* Models */ = {
			isa = PBXGroup;
			children = (
				8ADDF2CC2496A1A8007066EE /* EventModel.swift */,
			);
			path = Models;
			sourceTree = "<group>";
		};
		BD4713E9D34F3F3B2B8376D2 /* Frameworks */ = {
			isa = PBXGroup;
			children = (
				91E5AF010D1C8D66B2C89799 /* Pods_Events.framework */,
			);
			name = Frameworks;
			sourceTree = "<group>";
		};
/* End PBXGroup section */

/* Begin PBXNativeTarget section */
		8AD200DD2486A0A20085B204 /* Events */ = {
			isa = PBXNativeTarget;
			buildConfigurationList = 8AD200F22486A0A40085B204 /* Build configuration list for PBXNativeTarget "Events" */;
			buildPhases = (
				126C8D0C1E11531DFAFBCAE0 /* [CP] Check Pods Manifest.lock */,
				8AD200DA2486A0A20085B204 /* Sources */,
				8AD200DB2486A0A20085B204 /* Frameworks */,
				8AD200DC2486A0A20085B204 /* Resources */,
				CE5BF8483AACE0532960A33B /* [CP] Embed Pods Frameworks */,
			);
			buildRules = (
			);
			dependencies = (
			);
			name = Events;
			productName = Events;
			productReference = 8AD200DE2486A0A20085B204 /* Events.app */;
			productType = "com.apple.product-type.application";
		};
/* End PBXNativeTarget section */

/* Begin PBXProject section */
		8AD200D62486A0A20085B204 /* Project object */ = {
			isa = PBXProject;
			attributes = {
				LastSwiftUpdateCheck = 1150;
				LastUpgradeCheck = 1150;
				ORGANIZATIONNAME = "Alexey Kostenko";
				TargetAttributes = {
					8AD200DD2486A0A20085B204 = {
						CreatedOnToolsVersion = 11.5;
					};
				};
			};
			buildConfigurationList = 8AD200D92486A0A20085B204 /* Build configuration list for PBXProject "Events" */;
			compatibilityVersion = "Xcode 9.3";
			developmentRegion = en;
			hasScannedForEncodings = 0;
			knownRegions = (
				en,
				Base,
			);
			mainGroup = 8AD200D52486A0A20085B204;
			productRefGroup = 8AD200DF2486A0A20085B204 /* Products */;
			projectDirPath = "";
			projectRoot = "";
			targets = (
				8AD200DD2486A0A20085B204 /* Events */,
			);
		};
/* End PBXProject section */

/* Begin PBXResourcesBuildPhase section */
		8AD200DC2486A0A20085B204 /* Resources */ = {
			isa = PBXResourcesBuildPhase;
			buildActionMask = 2147483647;
			files = (
				8A2A3EBA248C42290087BE3F /* OpenSans-SemiBold.ttf in Resources */,
				8A2A3EBD248C42290087BE3F /* OpenSans-Bold.ttf in Resources */,
				8AD200EE2486A0A40085B204 /* LaunchScreen.storyboard in Resources */,
				8AD200EB2486A0A40085B204 /* Assets.xcassets in Resources */,
				8A2A3EBB248C42290087BE3F /* OpenSans-Light.ttf in Resources */,
				8A2A3EBC248C42290087BE3F /* OpenSans-Regular.ttf in Resources */,
			);
			runOnlyForDeploymentPostprocessing = 0;
		};
/* End PBXResourcesBuildPhase section */

/* Begin PBXShellScriptBuildPhase section */
		126C8D0C1E11531DFAFBCAE0 /* [CP] Check Pods Manifest.lock */ = {
			isa = PBXShellScriptBuildPhase;
			buildActionMask = 2147483647;
			files = (
			);
			inputFileListPaths = (
			);
			inputPaths = (
				"${PODS_PODFILE_DIR_PATH}/Podfile.lock",
				"${PODS_ROOT}/Manifest.lock",
			);
			name = "[CP] Check Pods Manifest.lock";
			outputFileListPaths = (
			);
			outputPaths = (
				"$(DERIVED_FILE_DIR)/Pods-Events-checkManifestLockResult.txt",
			);
			runOnlyForDeploymentPostprocessing = 0;
			shellPath = /bin/sh;
			shellScript = "diff \"${PODS_PODFILE_DIR_PATH}/Podfile.lock\" \"${PODS_ROOT}/Manifest.lock\" > /dev/null\nif [ $? != 0 ] ; then\n    # print error to STDERR\n    echo \"error: The sandbox is not in sync with the Podfile.lock. Run 'pod install' or update your CocoaPods installation.\" >&2\n    exit 1\nfi\n# This output is used by Xcode 'outputs' to avoid re-running this script phase.\necho \"SUCCESS\" > \"${SCRIPT_OUTPUT_FILE_0}\"\n";
			showEnvVarsInLog = 0;
		};
		CE5BF8483AACE0532960A33B /* [CP] Embed Pods Frameworks */ = {
			isa = PBXShellScriptBuildPhase;
			buildActionMask = 2147483647;
			files = (
			);
			inputFileListPaths = (
				"${PODS_ROOT}/Target Support Files/Pods-Events/Pods-Events-frameworks-${CONFIGURATION}-input-files.xcfilelist",
			);
			name = "[CP] Embed Pods Frameworks";
			outputFileListPaths = (
				"${PODS_ROOT}/Target Support Files/Pods-Events/Pods-Events-frameworks-${CONFIGURATION}-output-files.xcfilelist",
			);
			runOnlyForDeploymentPostprocessing = 0;
			shellPath = /bin/sh;
			shellScript = "\"${PODS_ROOT}/Target Support Files/Pods-Events/Pods-Events-frameworks.sh\"\n";
			showEnvVarsInLog = 0;
		};
/* End PBXShellScriptBuildPhase section */

/* Begin PBXSourcesBuildPhase section */
		8AD200DA2486A0A20085B204 /* Sources */ = {
			isa = PBXSourcesBuildPhase;
			buildActionMask = 2147483647;
			files = (
				8A7E39C92492A8840057E1BD /* EventsController.swift in Sources */,
				8ADDF2C624968323007066EE /* Constants.swift in Sources */,
				8A0E627A2497A5B0003BDCF6 /* Utilities.swift in Sources */,
				8A2A3EC2248C4D9E0087BE3F /* UIColor.swift in Sources */,
				8ADDF2CA24968A40007066EE /* NewSelectionNode.swift in Sources */,
				8A7E39D524937BF70057E1BD /* String.swift in Sources */,
				8A0E626E24977A03003BDCF6 /* NewEventSelectCategoryController.swift in Sources */,
				8A0E627224979B44003BDCF6 /* NewEventNotificationsController.swift in Sources */,
				8ACAF2682496AF1C00807174 /* NewEventController + Actions.swift in Sources */,
				8ADDF2C024968249007066EE /* NewEventEnums.swift in Sources */,
				8ADDF2BE2496810B007066EE /* NewEventController.swift in Sources */,
				8ADDF2D12496AA38007066EE /* NewEventController + ASEditableTextNode.swift in Sources */,
				8A0E627024977B87003BDCF6 /* NewBasicNode.swift in Sources */,
				8A7E39D0249379C00057E1BD /* EventPreviewNode.swift in Sources */,
				8ADDF2C8249685D6007066EE /* NewTextFiledNode.swift in Sources */,
				8A5677A82493AA77002828D5 /* SettingsTextNode.swift in Sources */,
				8A5677A52493A8F2002828D5 /* SettingsController.swift in Sources */,
				8A0E627624979F7B003BDCF6 /* DataManager.swift in Sources */,
				8A7E39D3249379E20057E1BD /* TableCell.swift in Sources */,
				8A5677AB2493AACD002828D5 /* SettingsEnums.swift in Sources */,
				8AD200E22486A0A20085B204 /* AppDelegate.swift in Sources */,
				8A7E39CC2492A8B70057E1BD /* TableNodeController.swift in Sources */,
				8ADDF2C3249682F1007066EE /* NewSaveButtonNode.swift in Sources */,
				8A0E627824979F81003BDCF6 /* DataManagerObject.swift in Sources */,
				8ADDF2CF2496A1FA007066EE /* NewImageNode.swift in Sources */,
				8ADDF2CD2496A1A8007066EE /* EventModel.swift in Sources */,
				8ACAF2662496AD8300807174 /* DateHelper.swift in Sources */,
				8AD200E42486A0A20085B204 /* SceneDelegate.swift in Sources */,
			);
			runOnlyForDeploymentPostprocessing = 0;
		};
/* End PBXSourcesBuildPhase section */

/* Begin PBXVariantGroup section */
		8AD200EC2486A0A40085B204 /* LaunchScreen.storyboard */ = {
			isa = PBXVariantGroup;
			children = (
				8AD200ED2486A0A40085B204 /* Base */,
			);
			name = LaunchScreen.storyboard;
			sourceTree = "<group>";
		};
/* End PBXVariantGroup section */

/* Begin XCBuildConfiguration section */
		8AD200F02486A0A40085B204 /* Debug */ = {
			isa = XCBuildConfiguration;
			buildSettings = {
				ALWAYS_SEARCH_USER_PATHS = NO;
				CLANG_ANALYZER_NONNULL = YES;
				CLANG_ANALYZER_NUMBER_OBJECT_CONVERSION = YES_AGGRESSIVE;
				CLANG_CXX_LANGUAGE_STANDARD = "gnu++14";
				CLANG_CXX_LIBRARY = "libc++";
				CLANG_ENABLE_MODULES = YES;
				CLANG_ENABLE_OBJC_ARC = YES;
				CLANG_ENABLE_OBJC_WEAK = YES;
				CLANG_WARN_BLOCK_CAPTURE_AUTORELEASING = YES;
				CLANG_WARN_BOOL_CONVERSION = YES;
				CLANG_WARN_COMMA = YES;
				CLANG_WARN_CONSTANT_CONVERSION = YES;
				CLANG_WARN_DEPRECATED_OBJC_IMPLEMENTATIONS = YES;
				CLANG_WARN_DIRECT_OBJC_ISA_USAGE = YES_ERROR;
				CLANG_WARN_DOCUMENTATION_COMMENTS = YES;
				CLANG_WARN_EMPTY_BODY = YES;
				CLANG_WARN_ENUM_CONVERSION = YES;
				CLANG_WARN_INFINITE_RECURSION = YES;
				CLANG_WARN_INT_CONVERSION = YES;
				CLANG_WARN_NON_LITERAL_NULL_CONVERSION = YES;
				CLANG_WARN_OBJC_IMPLICIT_RETAIN_SELF = YES;
				CLANG_WARN_OBJC_LITERAL_CONVERSION = YES;
				CLANG_WARN_OBJC_ROOT_CLASS = YES_ERROR;
				CLANG_WARN_RANGE_LOOP_ANALYSIS = YES;
				CLANG_WARN_STRICT_PROTOTYPES = YES;
				CLANG_WARN_SUSPICIOUS_MOVE = YES;
				CLANG_WARN_UNGUARDED_AVAILABILITY = YES_AGGRESSIVE;
				CLANG_WARN_UNREACHABLE_CODE = YES;
				CLANG_WARN__DUPLICATE_METHOD_MATCH = YES;
				COPY_PHASE_STRIP = NO;
				DEBUG_INFORMATION_FORMAT = dwarf;
				ENABLE_STRICT_OBJC_MSGSEND = YES;
				ENABLE_TESTABILITY = YES;
				GCC_C_LANGUAGE_STANDARD = gnu11;
				GCC_DYNAMIC_NO_PIC = NO;
				GCC_NO_COMMON_BLOCKS = YES;
				GCC_OPTIMIZATION_LEVEL = 0;
				GCC_PREPROCESSOR_DEFINITIONS = (
					"DEBUG=1",
					"$(inherited)",
				);
				GCC_WARN_64_TO_32_BIT_CONVERSION = YES;
				GCC_WARN_ABOUT_RETURN_TYPE = YES_ERROR;
				GCC_WARN_UNDECLARED_SELECTOR = YES;
				GCC_WARN_UNINITIALIZED_AUTOS = YES_AGGRESSIVE;
				GCC_WARN_UNUSED_FUNCTION = YES;
				GCC_WARN_UNUSED_VARIABLE = YES;
				IPHONEOS_DEPLOYMENT_TARGET = 13.5;
				MTL_ENABLE_DEBUG_INFO = INCLUDE_SOURCE;
				MTL_FAST_MATH = YES;
				ONLY_ACTIVE_ARCH = YES;
				SDKROOT = iphoneos;
				SWIFT_ACTIVE_COMPILATION_CONDITIONS = DEBUG;
				SWIFT_OPTIMIZATION_LEVEL = "-Onone";
			};
			name = Debug;
		};
		8AD200F12486A0A40085B204 /* Release */ = {
			isa = XCBuildConfiguration;
			buildSettings = {
				ALWAYS_SEARCH_USER_PATHS = NO;
				CLANG_ANALYZER_NONNULL = YES;
				CLANG_ANALYZER_NUMBER_OBJECT_CONVERSION = YES_AGGRESSIVE;
				CLANG_CXX_LANGUAGE_STANDARD = "gnu++14";
				CLANG_CXX_LIBRARY = "libc++";
				CLANG_ENABLE_MODULES = YES;
				CLANG_ENABLE_OBJC_ARC = YES;
				CLANG_ENABLE_OBJC_WEAK = YES;
				CLANG_WARN_BLOCK_CAPTURE_AUTORELEASING = YES;
				CLANG_WARN_BOOL_CONVERSION = YES;
				CLANG_WARN_COMMA = YES;
				CLANG_WARN_CONSTANT_CONVERSION = YES;
				CLANG_WARN_DEPRECATED_OBJC_IMPLEMENTATIONS = YES;
				CLANG_WARN_DIRECT_OBJC_ISA_USAGE = YES_ERROR;
				CLANG_WARN_DOCUMENTATION_COMMENTS = YES;
				CLANG_WARN_EMPTY_BODY = YES;
				CLANG_WARN_ENUM_CONVERSION = YES;
				CLANG_WARN_INFINITE_RECURSION = YES;
				CLANG_WARN_INT_CONVERSION = YES;
				CLANG_WARN_NON_LITERAL_NULL_CONVERSION = YES;
				CLANG_WARN_OBJC_IMPLICIT_RETAIN_SELF = YES;
				CLANG_WARN_OBJC_LITERAL_CONVERSION = YES;
				CLANG_WARN_OBJC_ROOT_CLASS = YES_ERROR;
				CLANG_WARN_RANGE_LOOP_ANALYSIS = YES;
				CLANG_WARN_STRICT_PROTOTYPES = YES;
				CLANG_WARN_SUSPICIOUS_MOVE = YES;
				CLANG_WARN_UNGUARDED_AVAILABILITY = YES_AGGRESSIVE;
				CLANG_WARN_UNREACHABLE_CODE = YES;
				CLANG_WARN__DUPLICATE_METHOD_MATCH = YES;
				COPY_PHASE_STRIP = NO;
				DEBUG_INFORMATION_FORMAT = "dwarf-with-dsym";
				ENABLE_NS_ASSERTIONS = NO;
				ENABLE_STRICT_OBJC_MSGSEND = YES;
				GCC_C_LANGUAGE_STANDARD = gnu11;
				GCC_NO_COMMON_BLOCKS = YES;
				GCC_WARN_64_TO_32_BIT_CONVERSION = YES;
				GCC_WARN_ABOUT_RETURN_TYPE = YES_ERROR;
				GCC_WARN_UNDECLARED_SELECTOR = YES;
				GCC_WARN_UNINITIALIZED_AUTOS = YES_AGGRESSIVE;
				GCC_WARN_UNUSED_FUNCTION = YES;
				GCC_WARN_UNUSED_VARIABLE = YES;
				IPHONEOS_DEPLOYMENT_TARGET = 13.5;
				MTL_ENABLE_DEBUG_INFO = NO;
				MTL_FAST_MATH = YES;
				SDKROOT = iphoneos;
				SWIFT_COMPILATION_MODE = wholemodule;
				SWIFT_OPTIMIZATION_LEVEL = "-O";
				VALIDATE_PRODUCT = YES;
			};
			name = Release;
		};
		8AD200F32486A0A40085B204 /* Debug */ = {
			isa = XCBuildConfiguration;
			baseConfigurationReference = 6CA87DD812949F4B9EECC4E6 /* Pods-Events.debug.xcconfig */;
			buildSettings = {
				ASSETCATALOG_COMPILER_APPICON_NAME = AppIcon;
				CODE_SIGN_STYLE = Automatic;
				DEVELOPMENT_TEAM = GL9QL5822S;
				INFOPLIST_FILE = Events/Info.plist;
				LD_RUNPATH_SEARCH_PATHS = (
					"$(inherited)",
					"@executable_path/Frameworks",
				);
				PRODUCT_BUNDLE_IDENTIFIER = by.alexeykostenko.events.nondev;
				PRODUCT_NAME = "$(TARGET_NAME)";
				SWIFT_VERSION = 5.0;
				TARGETED_DEVICE_FAMILY = 1;
			};
			name = Debug;
		};
		8AD200F42486A0A40085B204 /* Release */ = {
			isa = XCBuildConfiguration;
			baseConfigurationReference = F16BEB70173C8C2424887A17 /* Pods-Events.release.xcconfig */;
			buildSettings = {
				ASSETCATALOG_COMPILER_APPICON_NAME = AppIcon;
				CODE_SIGN_STYLE = Automatic;
				DEVELOPMENT_TEAM = GL9QL5822S;
				INFOPLIST_FILE = Events/Info.plist;
				LD_RUNPATH_SEARCH_PATHS = (
					"$(inherited)",
					"@executable_path/Frameworks",
				);
				PRODUCT_BUNDLE_IDENTIFIER = by.alexeykostenko.events.nondev;
				PRODUCT_NAME = "$(TARGET_NAME)";
				SWIFT_VERSION = 5.0;
				TARGETED_DEVICE_FAMILY = 1;
			};
			name = Release;
		};
/* End XCBuildConfiguration section */

/* Begin XCConfigurationList section */
		8AD200D92486A0A20085B204 /* Build configuration list for PBXProject "Events" */ = {
			isa = XCConfigurationList;
			buildConfigurations = (
				8AD200F02486A0A40085B204 /* Debug */,
				8AD200F12486A0A40085B204 /* Release */,
			);
			defaultConfigurationIsVisible = 0;
			defaultConfigurationName = Release;
		};
		8AD200F22486A0A40085B204 /* Build configuration list for PBXNativeTarget "Events" */ = {
			isa = XCConfigurationList;
			buildConfigurations = (
				8AD200F32486A0A40085B204 /* Debug */,
				8AD200F42486A0A40085B204 /* Release */,
			);
			defaultConfigurationIsVisible = 0;
			defaultConfigurationName = Release;
		};
/* End XCConfigurationList section */
	};
	rootObject = 8AD200D62486A0A20085B204 /* Project object */;
}
